
Microsoft Visual Studio Solution File, Format Version 9.00
# Visual Studio 2005
Project("{8BC9CEB8-8B4A-11D0-8D11-00A0C91BC942}") = "BOB", "bob.vcproj", "{05E4016A-F9CD-4E54-8C06-7ACFBEDF9658}"
EndProject
Project("{8BC9CEB8-8B4A-11D0-8D11-00A0C91BC942}") = "UBfields", "..\ubfields\UBfields.vcproj", "{D8E2C33F-A2D4-4E38-80EE-4F16E6F02192}"
EndProject
Project("{8BC9CEB8-8B4A-11D0-8D11-00A0C91BC942}") = "quickmis", "..\quickmis\QUICKMIS.vcproj", "{265A68E4-7D80-4686-AEF3-0928AB4AA431}"
EndProject
Project("{8BC9CEB8-8B4A-11D0-8D11-00A0C91BC942}") = "PLACENAM", "..\placenam\PLACENAM.vcproj", "{837EE1CC-5201-46B8-86F7-54EFC86B3061}"
EndProject
Project("{8BC9CEB8-8B4A-11D0-8D11-00A0C91BC942}") = "LEngCln", "..\english\LENGCLN.vcproj", "{BC76AE1C-412F-457A-B4E3-AA072FA8DA5B}"
EndProject
Project("{8BC9CEB8-8B4A-11D0-8D11-00A0C91BC942}") = "LEngRes", "..\english\LENGRES.vcproj", "{990CC102-A44F-48C9-A17D-7B0C51524DFD}"
EndProject
Project("{8BC9CEB8-8B4A-11D0-8D11-00A0C91BC942}") = "LRusCln", "..\russian\LRUSCLN.vcproj", "{A6E8C65E-BEF6-441E-A576-793891EDD4FF}"
EndProject
Project("{8BC9CEB8-8B4A-11D0-8D11-00A0C91BC942}") = "LRusRes", "..\russian\LRusRES.vcproj", "{C16CD2D1-E0A8-402B-91D3-F7FC122F8BC7}"
EndProject
Project("{8BC9CEB8-8B4A-11D0-8D11-00A0C91BC942}") = "ItemGrid", "..\itemgrid\Itemgrid.vcproj", "{8E782BE1-CDDB-445E-B44B-07A9A6BB3743}"
EndProject
Project("{8BC9CEB8-8B4A-11D0-8D11-00A0C91BC942}") = "ukeylist", "..\input\Ukeylist.vcproj", "{5E3287C3-0C60-4B95-A9C0-0D6457132E0F}"
EndProject
Project("{8BC9CEB8-8B4A-11D0-8D11-00A0C91BC942}") = "REdit", "..\redit\Redit.vcproj", "{94DB2670-AE5A-4E33-9A8B-D9182A68C5FB}"
EndProject
Project("{8BC9CEB8-8B4A-11D0-8D11-00A0C91BC942}") = "Lib3D", "..\lib3d\Lib3D.vcproj", "{A27F5F75-6763-4966-809E-3ED126E782DD}"
EndProject
Project("{8BC9CEB8-8B4A-11D0-8D11-00A0C91BC942}") = "RCombo", "..\rcombo\RCombo.vcproj", "{D143566B-555B-4D67-B1E7-8456B2A8E829}"
EndProject
Project("{8BC9CEB8-8B4A-11D0-8D11-00A0C91BC942}") = "RButton", "..\rbutton\Rbutton.vcproj", "{E43B9FFA-F6C5-4D02-8752-857731F28683}"
EndProject
Project("{8BC9CEB8-8B4A-11D0-8D11-00A0C91BC942}") = "REdtBt", "..\redtbt\REdtBt.vcproj", "{C5F99DA4-DD72-43BB-B474-A8C0EAC94973}"
EndProject
Project("{8BC9CEB8-8B4A-11D0-8D11-00A0C91BC942}") = "RListBox", "..\rlistbox\RListBox.vcproj", "{37F925D0-CDAD-498D-889D-D8B9C1368AA4}"
EndProject
Project("{8BC9CEB8-8B4A-11D0-8D11-00A0C91BC942}") = "RRadio", "..\rradio\RRadio.vcproj", "{04C6F073-6085-48EF-858F-58D523F31CDF}"
EndProject
Project("{8BC9CEB8-8B4A-11D0-8D11-00A0C91BC942}") = "RScrlBar", "..\rscrlbar\Rscrlbar.vcproj", "{E61D1641-6FBD-47C2-A4A5-790CADDC635C}"
EndProject
Project("{8BC9CEB8-8B4A-11D0-8D11-00A0C91BC942}") = "RSpinBut", "..\rspinbut\Rspinbut.vcproj", "{C8E68169-3CEA-4238-907A-8A6621E397B5}"
EndProject
Project("{8BC9CEB8-8B4A-11D0-8D11-00A0C91BC942}") = "RSpltBar", "..\rspltbar\RSpltBar.vcproj", "{7305B889-18F6-4A36-8DFF-43CAF305C758}"
EndProject
Project("{8BC9CEB8-8B4A-11D0-8D11-00A0C91BC942}") = "RStatic", "..\rstatic\RStatic.vcproj", "{5027C1D5-921F-4E44-9416-B145C0DC022C}"
EndProject
Project("{8BC9CEB8-8B4A-11D0-8D11-00A0C91BC942}") = "RTabs", "..\rtabs\RTabs.vcproj", "{86567A17-FE24-4DA8-91B9-A676817939F0}"
EndProject
Global
	GlobalSection(SolutionConfigurationPlatforms) = preSolution
		Debug|Win32 = Debug|Win32
		DemoDebug|Win32 = DemoDebug|Win32
		DemoRelease|Win32 = DemoRelease|Win32
		Preview1Day|Win32 = Preview1Day|Win32
		Profile|Win32 = Profile|Win32
		Release No Debug|Win32 = Release No Debug|Win32
		Release|Win32 = Release|Win32
		Unicode Debug|Win32 = Unicode Debug|Win32
		Unicode Release|Win32 = Unicode Release|Win32
	EndGlobalSection
	GlobalSection(ProjectConfigurationPlatforms) = postSolution
		{05E4016A-F9CD-4E54-8C06-7ACFBEDF9658}.Debug|Win32.ActiveCfg = DemoDebug|Win32
		{05E4016A-F9CD-4E54-8C06-7ACFBEDF9658}.Debug|Win32.Build.0 = DemoDebug|Win32
		{05E4016A-F9CD-4E54-8C06-7ACFBEDF9658}.DemoDebug|Win32.ActiveCfg = DemoDebug|Win32
		{05E4016A-F9CD-4E54-8C06-7ACFBEDF9658}.DemoDebug|Win32.Build.0 = DemoDebug|Win32
		{05E4016A-F9CD-4E54-8C06-7ACFBEDF9658}.DemoRelease|Win32.ActiveCfg = DemoRelease|Win32
		{05E4016A-F9CD-4E54-8C06-7ACFBEDF9658}.DemoRelease|Win32.Build.0 = DemoRelease|Win32
		{05E4016A-F9CD-4E54-8C06-7ACFBEDF9658}.Preview1Day|Win32.ActiveCfg = Preview1Day|Win32
		{05E4016A-F9CD-4E54-8C06-7ACFBEDF9658}.Preview1Day|Win32.Build.0 = Preview1Day|Win32
		{05E4016A-F9CD-4E54-8C06-7ACFBEDF9658}.Profile|Win32.ActiveCfg = Profile|Win32
		{05E4016A-F9CD-4E54-8C06-7ACFBEDF9658}.Profile|Win32.Build.0 = Profile|Win32
		{05E4016A-F9CD-4E54-8C06-7ACFBEDF9658}.Release No Debug|Win32.ActiveCfg = Release No Debug|Win32
		{05E4016A-F9CD-4E54-8C06-7ACFBEDF9658}.Release No Debug|Win32.Build.0 = Release No Debug|Win32
		{05E4016A-F9CD-4E54-8C06-7ACFBEDF9658}.Release|Win32.ActiveCfg = Release|Win32
		{05E4016A-F9CD-4E54-8C06-7ACFBEDF9658}.Release|Win32.Build.0 = Release|Win32
		{05E4016A-F9CD-4E54-8C06-7ACFBEDF9658}.Unicode Debug|Win32.ActiveCfg = Debug|Win32
		{05E4016A-F9CD-4E54-8C06-7ACFBEDF9658}.Unicode Debug|Win32.Build.0 = Debug|Win32
		{05E4016A-F9CD-4E54-8C06-7ACFBEDF9658}.Unicode Release|Win32.ActiveCfg = Release|Win32
		{05E4016A-F9CD-4E54-8C06-7ACFBEDF9658}.Unicode Release|Win32.Build.0 = Release|Win32
		{D8E2C33F-A2D4-4E38-80EE-4F16E6F02192}.Debug|Win32.ActiveCfg = Debug|Win32
		{D8E2C33F-A2D4-4E38-80EE-4F16E6F02192}.Debug|Win32.Build.0 = Debug|Win32
		{D8E2C33F-A2D4-4E38-80EE-4F16E6F02192}.DemoDebug|Win32.ActiveCfg = Debug|Win32
		{D8E2C33F-A2D4-4E38-80EE-4F16E6F02192}.DemoDebug|Win32.Build.0 = Debug|Win32
		{D8E2C33F-A2D4-4E38-80EE-4F16E6F02192}.DemoRelease|Win32.ActiveCfg = Release|Win32
		{D8E2C33F-A2D4-4E38-80EE-4F16E6F02192}.DemoRelease|Win32.Build.0 = Release|Win32
		{D8E2C33F-A2D4-4E38-80EE-4F16E6F02192}.Preview1Day|Win32.ActiveCfg = Release|Win32
		{D8E2C33F-A2D4-4E38-80EE-4F16E6F02192}.Preview1Day|Win32.Build.0 = Release|Win32
		{D8E2C33F-A2D4-4E38-80EE-4F16E6F02192}.Profile|Win32.ActiveCfg = Release|Win32
		{D8E2C33F-A2D4-4E38-80EE-4F16E6F02192}.Profile|Win32.Build.0 = Release|Win32
		{D8E2C33F-A2D4-4E38-80EE-4F16E6F02192}.Release No Debug|Win32.ActiveCfg = Debug|Win32
		{D8E2C33F-A2D4-4E38-80EE-4F16E6F02192}.Release No Debug|Win32.Build.0 = Debug|Win32
		{D8E2C33F-A2D4-4E38-80EE-4F16E6F02192}.Release|Win32.ActiveCfg = Release|Win32
		{D8E2C33F-A2D4-4E38-80EE-4F16E6F02192}.Release|Win32.Build.0 = Release|Win32
		{D8E2C33F-A2D4-4E38-80EE-4F16E6F02192}.Unicode Debug|Win32.ActiveCfg = Debug|Win32
		{D8E2C33F-A2D4-4E38-80EE-4F16E6F02192}.Unicode Debug|Win32.Build.0 = Debug|Win32
		{D8E2C33F-A2D4-4E38-80EE-4F16E6F02192}.Unicode Release|Win32.ActiveCfg = Release|Win32
		{D8E2C33F-A2D4-4E38-80EE-4F16E6F02192}.Unicode Release|Win32.Build.0 = Release|Win32
		{265A68E4-7D80-4686-AEF3-0928AB4AA431}.Debug|Win32.ActiveCfg = Debug|Win32
		{265A68E4-7D80-4686-AEF3-0928AB4AA431}.Debug|Win32.Build.0 = Debug|Win32
		{265A68E4-7D80-4686-AEF3-0928AB4AA431}.DemoDebug|Win32.ActiveCfg = DemoDebug|Win32
		{265A68E4-7D80-4686-AEF3-0928AB4AA431}.DemoDebug|Win32.Build.0 = DemoDebug|Win32
		{265A68E4-7D80-4686-AEF3-0928AB4AA431}.DemoRelease|Win32.ActiveCfg = DemoRelease|Win32
		{265A68E4-7D80-4686-AEF3-0928AB4AA431}.DemoRelease|Win32.Build.0 = DemoRelease|Win32
		{265A68E4-7D80-4686-AEF3-0928AB4AA431}.Preview1Day|Win32.ActiveCfg = Debug|Win32
		{265A68E4-7D80-4686-AEF3-0928AB4AA431}.Preview1Day|Win32.Build.0 = Debug|Win32
		{265A68E4-7D80-4686-AEF3-0928AB4AA431}.Profile|Win32.ActiveCfg = Debug|Win32
		{265A68E4-7D80-4686-AEF3-0928AB4AA431}.Profile|Win32.Build.0 = Debug|Win32
		{265A68E4-7D80-4686-AEF3-0928AB4AA431}.Release No Debug|Win32.ActiveCfg = Debug|Win32
		{265A68E4-7D80-4686-AEF3-0928AB4AA431}.Release No Debug|Win32.Build.0 = Debug|Win32
		{265A68E4-7D80-4686-AEF3-0928AB4AA431}.Release|Win32.ActiveCfg = Release|Win32
		{265A68E4-7D80-4686-AEF3-0928AB4AA431}.Release|Win32.Build.0 = Release|Win32
		{265A68E4-7D80-4686-AEF3-0928AB4AA431}.Unicode Debug|Win32.ActiveCfg = Debug|Win32
		{265A68E4-7D80-4686-AEF3-0928AB4AA431}.Unicode Debug|Win32.Build.0 = Debug|Win32
		{265A68E4-7D80-4686-AEF3-0928AB4AA431}.Unicode Release|Win32.ActiveCfg = Release|Win32
		{265A68E4-7D80-4686-AEF3-0928AB4AA431}.Unicode Release|Win32.Build.0 = Release|Win32
		{837EE1CC-5201-46B8-86F7-54EFC86B3061}.Debug|Win32.ActiveCfg = Debug|Win32
		{837EE1CC-5201-46B8-86F7-54EFC86B3061}.Debug|Win32.Build.0 = Debug|Win32
		{837EE1CC-5201-46B8-86F7-54EFC86B3061}.DemoDebug|Win32.ActiveCfg = Debug|Win32
		{837EE1CC-5201-46B8-86F7-54EFC86B3061}.DemoDebug|Win32.Build.0 = Debug|Win32
		{837EE1CC-5201-46B8-86F7-54EFC86B3061}.DemoRelease|Win32.ActiveCfg = Release|Win32
		{837EE1CC-5201-46B8-86F7-54EFC86B3061}.DemoRelease|Win32.Build.0 = Release|Win32
		{837EE1CC-5201-46B8-86F7-54EFC86B3061}.Preview1Day|Win32.ActiveCfg = Release|Win32
		{837EE1CC-5201-46B8-86F7-54EFC86B3061}.Preview1Day|Win32.Build.0 = Release|Win32
		{837EE1CC-5201-46B8-86F7-54EFC86B3061}.Profile|Win32.ActiveCfg = Release|Win32
		{837EE1CC-5201-46B8-86F7-54EFC86B3061}.Profile|Win32.Build.0 = Release|Win32
		{837EE1CC-5201-46B8-86F7-54EFC86B3061}.Release No Debug|Win32.ActiveCfg = Debug|Win32
		{837EE1CC-5201-46B8-86F7-54EFC86B3061}.Release No Debug|Win32.Build.0 = Debug|Win32
		{837EE1CC-5201-46B8-86F7-54EFC86B3061}.Release|Win32.ActiveCfg = Release|Win32
		{837EE1CC-5201-46B8-86F7-54EFC86B3061}.Release|Win32.Build.0 = Release|Win32
		{837EE1CC-5201-46B8-86F7-54EFC86B3061}.Unicode Debug|Win32.ActiveCfg = Debug|Win32
		{837EE1CC-5201-46B8-86F7-54EFC86B3061}.Unicode Debug|Win32.Build.0 = Debug|Win32
		{837EE1CC-5201-46B8-86F7-54EFC86B3061}.Unicode Release|Win32.ActiveCfg = Release|Win32
		{837EE1CC-5201-46B8-86F7-54EFC86B3061}.Unicode Release|Win32.Build.0 = Release|Win32
		{BC76AE1C-412F-457A-B4E3-AA072FA8DA5B}.Debug|Win32.ActiveCfg = Debug|Win32
		{BC76AE1C-412F-457A-B4E3-AA072FA8DA5B}.Debug|Win32.Build.0 = Debug|Win32
		{BC76AE1C-412F-457A-B4E3-AA072FA8DA5B}.DemoDebug|Win32.ActiveCfg = Debug|Win32
		{BC76AE1C-412F-457A-B4E3-AA072FA8DA5B}.DemoDebug|Win32.Build.0 = Debug|Win32
		{BC76AE1C-412F-457A-B4E3-AA072FA8DA5B}.DemoRelease|Win32.ActiveCfg = Release|Win32
		{BC76AE1C-412F-457A-B4E3-AA072FA8DA5B}.DemoRelease|Win32.Build.0 = Release|Win32
		{BC76AE1C-412F-457A-B4E3-AA072FA8DA5B}.Preview1Day|Win32.ActiveCfg = Debug|Win32
		{BC76AE1C-412F-457A-B4E3-AA072FA8DA5B}.Preview1Day|Win32.Build.0 = Debug|Win32
		{BC76AE1C-412F-457A-B4E3-AA072FA8DA5B}.Profile|Win32.ActiveCfg = Debug|Win32
		{BC76AE1C-412F-457A-B4E3-AA072FA8DA5B}.Profile|Win32.Build.0 = Debug|Win32
		{BC76AE1C-412F-457A-B4E3-AA072FA8DA5B}.Release No Debug|Win32.ActiveCfg = Debug|Win32
		{BC76AE1C-412F-457A-B4E3-AA072FA8DA5B}.Release No Debug|Win32.Build.0 = Debug|Win32
		{BC76AE1C-412F-457A-B4E3-AA072FA8DA5B}.Release|Win32.ActiveCfg = Release|Win32
		{BC76AE1C-412F-457A-B4E3-AA072FA8DA5B}.Release|Win32.Build.0 = Release|Win32
		{BC76AE1C-412F-457A-B4E3-AA072FA8DA5B}.Unicode Debug|Win32.ActiveCfg = Debug|Win32
		{BC76AE1C-412F-457A-B4E3-AA072FA8DA5B}.Unicode Debug|Win32.Build.0 = Debug|Win32
		{BC76AE1C-412F-457A-B4E3-AA072FA8DA5B}.Unicode Release|Win32.ActiveCfg = Release|Win32
		{BC76AE1C-412F-457A-B4E3-AA072FA8DA5B}.Unicode Release|Win32.Build.0 = Release|Win32
		{990CC102-A44F-48C9-A17D-7B0C51524DFD}.Debug|Win32.ActiveCfg = Debug|Win32
		{990CC102-A44F-48C9-A17D-7B0C51524DFD}.Debug|Win32.Build.0 = Debug|Win32
		{990CC102-A44F-48C9-A17D-7B0C51524DFD}.DemoDebug|Win32.ActiveCfg = Debug|Win32
		{990CC102-A44F-48C9-A17D-7B0C51524DFD}.DemoDebug|Win32.Build.0 = Debug|Win32
		{990CC102-A44F-48C9-A17D-7B0C51524DFD}.DemoRelease|Win32.ActiveCfg = Release|Win32
		{990CC102-A44F-48C9-A17D-7B0C51524DFD}.DemoRelease|Win32.Build.0 = Release|Win32
		{990CC102-A44F-48C9-A17D-7B0C51524DFD}.Preview1Day|Win32.ActiveCfg = Release|Win32
		{990CC102-A44F-48C9-A17D-7B0C51524DFD}.Preview1Day|Win32.Build.0 = Release|Win32
		{990CC102-A44F-48C9-A17D-7B0C51524DFD}.Profile|Win32.ActiveCfg = Release|Win32
		{990CC102-A44F-48C9-A17D-7B0C51524DFD}.Profile|Win32.Build.0 = Release|Win32
		{990CC102-A44F-48C9-A17D-7B0C51524DFD}.Release No Debug|Win32.ActiveCfg = Debug|Win32
		{990CC102-A44F-48C9-A17D-7B0C51524DFD}.Release No Debug|Win32.Build.0 = Debug|Win32
		{990CC102-A44F-48C9-A17D-7B0C51524DFD}.Release|Win32.ActiveCfg = Release|Win32
		{990CC102-A44F-48C9-A17D-7B0C51524DFD}.Release|Win32.Build.0 = Release|Win32
		{990CC102-A44F-48C9-A17D-7B0C51524DFD}.Unicode Debug|Win32.ActiveCfg = Debug|Win32
		{990CC102-A44F-48C9-A17D-7B0C51524DFD}.Unicode Debug|Win32.Build.0 = Debug|Win32
		{990CC102-A44F-48C9-A17D-7B0C51524DFD}.Unicode Release|Win32.ActiveCfg = Release|Win32
		{990CC102-A44F-48C9-A17D-7B0C51524DFD}.Unicode Release|Win32.Build.0 = Release|Win32
		{A6E8C65E-BEF6-441E-A576-793891EDD4FF}.Debug|Win32.ActiveCfg = Debug|Win32
		{A6E8C65E-BEF6-441E-A576-793891EDD4FF}.Debug|Win32.Build.0 = Debug|Win32
		{A6E8C65E-BEF6-441E-A576-793891EDD4FF}.DemoDebug|Win32.ActiveCfg = Debug|Win32
		{A6E8C65E-BEF6-441E-A576-793891EDD4FF}.DemoDebug|Win32.Build.0 = Debug|Win32
		{A6E8C65E-BEF6-441E-A576-793891EDD4FF}.DemoRelease|Win32.ActiveCfg = Release|Win32
		{A6E8C65E-BEF6-441E-A576-793891EDD4FF}.DemoRelease|Win32.Build.0 = Release|Win32
		{A6E8C65E-BEF6-441E-A576-793891EDD4FF}.Preview1Day|Win32.ActiveCfg = Release|Win32
		{A6E8C65E-BEF6-441E-A576-793891EDD4FF}.Preview1Day|Win32.Build.0 = Release|Win32
		{A6E8C65E-BEF6-441E-A576-793891EDD4FF}.Profile|Win32.ActiveCfg = Release|Win32
		{A6E8C65E-BEF6-441E-A576-793891EDD4FF}.Profile|Win32.Build.0 = Release|Win32
		{A6E8C65E-BEF6-441E-A576-793891EDD4FF}.Release No Debug|Win32.ActiveCfg = Debug|Win32
		{A6E8C65E-BEF6-441E-A576-793891EDD4FF}.Release No Debug|Win32.Build.0 = Debug|Win32
		{A6E8C65E-BEF6-441E-A576-793891EDD4FF}.Release|Win32.ActiveCfg = Release|Win32
		{A6E8C65E-BEF6-441E-A576-793891EDD4FF}.Release|Win32.Build.0 = Release|Win32
		{A6E8C65E-BEF6-441E-A576-793891EDD4FF}.Unicode Debug|Win32.ActiveCfg = Debug|Win32
		{A6E8C65E-BEF6-441E-A576-793891EDD4FF}.Unicode Debug|Win32.Build.0 = Debug|Win32
		{A6E8C65E-BEF6-441E-A576-793891EDD4FF}.Unicode Release|Win32.ActiveCfg = Release|Win32
		{A6E8C65E-BEF6-441E-A576-793891EDD4FF}.Unicode Release|Win32.Build.0 = Release|Win32
		{C16CD2D1-E0A8-402B-91D3-F7FC122F8BC7}.Debug|Win32.ActiveCfg = Debug|Win32
		{C16CD2D1-E0A8-402B-91D3-F7FC122F8BC7}.Debug|Win32.Build.0 = Debug|Win32
		{C16CD2D1-E0A8-402B-91D3-F7FC122F8BC7}.DemoDebug|Win32.ActiveCfg = Debug|Win32
		{C16CD2D1-E0A8-402B-91D3-F7FC122F8BC7}.DemoDebug|Win32.Build.0 = Debug|Win32
		{C16CD2D1-E0A8-402B-91D3-F7FC122F8BC7}.DemoRelease|Win32.ActiveCfg = Release|Win32
		{C16CD2D1-E0A8-402B-91D3-F7FC122F8BC7}.DemoRelease|Win32.Build.0 = Release|Win32
		{C16CD2D1-E0A8-402B-91D3-F7FC122F8BC7}.Preview1Day|Win32.ActiveCfg = Release|Win32
		{C16CD2D1-E0A8-402B-91D3-F7FC122F8BC7}.Preview1Day|Win32.Build.0 = Release|Win32
		{C16CD2D1-E0A8-402B-91D3-F7FC122F8BC7}.Profile|Win32.ActiveCfg = Release|Win32
		{C16CD2D1-E0A8-402B-91D3-F7FC122F8BC7}.Profile|Win32.Build.0 = Release|Win32
		{C16CD2D1-E0A8-402B-91D3-F7FC122F8BC7}.Release No Debug|Win32.ActiveCfg = Debug|Win32
		{C16CD2D1-E0A8-402B-91D3-F7FC122F8BC7}.Release No Debug|Win32.Build.0 = Debug|Win32
		{C16CD2D1-E0A8-402B-91D3-F7FC122F8BC7}.Release|Win32.ActiveCfg = Release|Win32
		{C16CD2D1-E0A8-402B-91D3-F7FC122F8BC7}.Release|Win32.Build.0 = Release|Win32
		{C16CD2D1-E0A8-402B-91D3-F7FC122F8BC7}.Unicode Debug|Win32.ActiveCfg = Debug|Win32
		{C16CD2D1-E0A8-402B-91D3-F7FC122F8BC7}.Unicode Debug|Win32.Build.0 = Debug|Win32
		{C16CD2D1-E0A8-402B-91D3-F7FC122F8BC7}.Unicode Release|Win32.ActiveCfg = Release|Win32
		{C16CD2D1-E0A8-402B-91D3-F7FC122F8BC7}.Unicode Release|Win32.Build.0 = Release|Win32
		{8E782BE1-CDDB-445E-B44B-07A9A6BB3743}.Debug|Win32.ActiveCfg = Debug|Win32
		{8E782BE1-CDDB-445E-B44B-07A9A6BB3743}.Debug|Win32.Build.0 = Debug|Win32
		{8E782BE1-CDDB-445E-B44B-07A9A6BB3743}.DemoDebug|Win32.ActiveCfg = Debug|Win32
		{8E782BE1-CDDB-445E-B44B-07A9A6BB3743}.DemoDebug|Win32.Build.0 = Debug|Win32
		{8E782BE1-CDDB-445E-B44B-07A9A6BB3743}.DemoRelease|Win32.ActiveCfg = Release|Win32
		{8E782BE1-CDDB-445E-B44B-07A9A6BB3743}.DemoRelease|Win32.Build.0 = Release|Win32
		{8E782BE1-CDDB-445E-B44B-07A9A6BB3743}.Preview1Day|Win32.ActiveCfg = Release|Win32
		{8E782BE1-CDDB-445E-B44B-07A9A6BB3743}.Preview1Day|Win32.Build.0 = Release|Win32
		{8E782BE1-CDDB-445E-B44B-07A9A6BB3743}.Profile|Win32.ActiveCfg = Release|Win32
		{8E782BE1-CDDB-445E-B44B-07A9A6BB3743}.Profile|Win32.Build.0 = Release|Win32
		{8E782BE1-CDDB-445E-B44B-07A9A6BB3743}.Release No Debug|Win32.ActiveCfg = Debug|Win32
		{8E782BE1-CDDB-445E-B44B-07A9A6BB3743}.Release No Debug|Win32.Build.0 = Debug|Win32
		{8E782BE1-CDDB-445E-B44B-07A9A6BB3743}.Release|Win32.ActiveCfg = Release|Win32
		{8E782BE1-CDDB-445E-B44B-07A9A6BB3743}.Release|Win32.Build.0 = Release|Win32
		{8E782BE1-CDDB-445E-B44B-07A9A6BB3743}.Unicode Debug|Win32.ActiveCfg = Debug|Win32
		{8E782BE1-CDDB-445E-B44B-07A9A6BB3743}.Unicode Debug|Win32.Build.0 = Debug|Win32
		{8E782BE1-CDDB-445E-B44B-07A9A6BB3743}.Unicode Release|Win32.ActiveCfg = Release|Win32
		{8E782BE1-CDDB-445E-B44B-07A9A6BB3743}.Unicode Release|Win32.Build.0 = Release|Win32
		{5E3287C3-0C60-4B95-A9C0-0D6457132E0F}.Debug|Win32.ActiveCfg = Debug|Win32
		{5E3287C3-0C60-4B95-A9C0-0D6457132E0F}.Debug|Win32.Build.0 = Debug|Win32
		{5E3287C3-0C60-4B95-A9C0-0D6457132E0F}.DemoDebug|Win32.ActiveCfg = Debug|Win32
		{5E3287C3-0C60-4B95-A9C0-0D6457132E0F}.DemoDebug|Win32.Build.0 = Debug|Win32
		{5E3287C3-0C60-4B95-A9C0-0D6457132E0F}.DemoRelease|Win32.ActiveCfg = Release|Win32
		{5E3287C3-0C60-4B95-A9C0-0D6457132E0F}.DemoRelease|Win32.Build.0 = Release|Win32
		{5E3287C3-0C60-4B95-A9C0-0D6457132E0F}.Preview1Day|Win32.ActiveCfg = Release|Win32
		{5E3287C3-0C60-4B95-A9C0-0D6457132E0F}.Preview1Day|Win32.Build.0 = Release|Win32
		{5E3287C3-0C60-4B95-A9C0-0D6457132E0F}.Profile|Win32.ActiveCfg = Release|Win32
		{5E3287C3-0C60-4B95-A9C0-0D6457132E0F}.Profile|Win32.Build.0 = Release|Win32
		{5E3287C3-0C60-4B95-A9C0-0D6457132E0F}.Release No Debug|Win32.ActiveCfg = Debug|Win32
		{5E3287C3-0C60-4B95-A9C0-0D6457132E0F}.Release No Debug|Win32.Build.0 = Debug|Win32
		{5E3287C3-0C60-4B95-A9C0-0D6457132E0F}.Release|Win32.ActiveCfg = Release|Win32
		{5E3287C3-0C60-4B95-A9C0-0D6457132E0F}.Release|Win32.Build.0 = Release|Win32
		{5E3287C3-0C60-4B95-A9C0-0D6457132E0F}.Unicode Debug|Win32.ActiveCfg = Debug|Win32
		{5E3287C3-0C60-4B95-A9C0-0D6457132E0F}.Unicode Debug|Win32.Build.0 = Debug|Win32
		{5E3287C3-0C60-4B95-A9C0-0D6457132E0F}.Unicode Release|Win32.ActiveCfg = Release|Win32
		{5E3287C3-0C60-4B95-A9C0-0D6457132E0F}.Unicode Release|Win32.Build.0 = Release|Win32
		{94DB2670-AE5A-4E33-9A8B-D9182A68C5FB}.Debug|Win32.ActiveCfg = Debug|Win32
		{94DB2670-AE5A-4E33-9A8B-D9182A68C5FB}.Debug|Win32.Build.0 = Debug|Win32
		{94DB2670-AE5A-4E33-9A8B-D9182A68C5FB}.DemoDebug|Win32.ActiveCfg = Debug|Win32
		{94DB2670-AE5A-4E33-9A8B-D9182A68C5FB}.DemoDebug|Win32.Build.0 = Debug|Win32
		{94DB2670-AE5A-4E33-9A8B-D9182A68C5FB}.DemoRelease|Win32.ActiveCfg = Release|Win32
		{94DB2670-AE5A-4E33-9A8B-D9182A68C5FB}.DemoRelease|Win32.Build.0 = Release|Win32
		{94DB2670-AE5A-4E33-9A8B-D9182A68C5FB}.Preview1Day|Win32.ActiveCfg = Debug|Win32
		{94DB2670-AE5A-4E33-9A8B-D9182A68C5FB}.Preview1Day|Win32.Build.0 = Debug|Win32
		{94DB2670-AE5A-4E33-9A8B-D9182A68C5FB}.Profile|Win32.ActiveCfg = Debug|Win32
		{94DB2670-AE5A-4E33-9A8B-D9182A68C5FB}.Profile|Win32.Build.0 = Debug|Win32
		{94DB2670-AE5A-4E33-9A8B-D9182A68C5FB}.Release No Debug|Win32.ActiveCfg = Debug|Win32
		{94DB2670-AE5A-4E33-9A8B-D9182A68C5FB}.Release No Debug|Win32.Build.0 = Debug|Win32
		{94DB2670-AE5A-4E33-9A8B-D9182A68C5FB}.Release|Win32.ActiveCfg = Release|Win32
		{94DB2670-AE5A-4E33-9A8B-D9182A68C5FB}.Release|Win32.Build.0 = Release|Win32
		{94DB2670-AE5A-4E33-9A8B-D9182A68C5FB}.Unicode Debug|Win32.ActiveCfg = Unicode Debug|Win32
		{94DB2670-AE5A-4E33-9A8B-D9182A68C5FB}.Unicode Debug|Win32.Build.0 = Unicode Debug|Win32
		{94DB2670-AE5A-4E33-9A8B-D9182A68C5FB}.Unicode Release|Win32.ActiveCfg = Unicode Release|Win32
		{94DB2670-AE5A-4E33-9A8B-D9182A68C5FB}.Unicode Release|Win32.Build.0 = Unicode Release|Win32
		{A27F5F75-6763-4966-809E-3ED126E782DD}.Debug|Win32.ActiveCfg = Debug|Win32
		{A27F5F75-6763-4966-809E-3ED126E782DD}.Debug|Win32.Build.0 = Debug|Win32
		{A27F5F75-6763-4966-809E-3ED126E782DD}.DemoDebug|Win32.ActiveCfg = Debug|Win32
		{A27F5F75-6763-4966-809E-3ED126E782DD}.DemoDebug|Win32.Build.0 = Debug|Win32
		{A27F5F75-6763-4966-809E-3ED126E782DD}.DemoRelease|Win32.ActiveCfg = Release|Win32
		{A27F5F75-6763-4966-809E-3ED126E782DD}.DemoRelease|Win32.Build.0 = Release|Win32
		{A27F5F75-6763-4966-809E-3ED126E782DD}.Preview1Day|Win32.ActiveCfg = Release|Win32
		{A27F5F75-6763-4966-809E-3ED126E782DD}.Preview1Day|Win32.Build.0 = Release|Win32
		{A27F5F75-6763-4966-809E-3ED126E782DD}.Profile|Win32.ActiveCfg = Release|Win32
		{A27F5F75-6763-4966-809E-3ED126E782DD}.Profile|Win32.Build.0 = Release|Win32
		{A27F5F75-6763-4966-809E-3ED126E782DD}.Release No Debug|Win32.ActiveCfg = Debug|Win32
		{A27F5F75-6763-4966-809E-3ED126E782DD}.Release No Debug|Win32.Build.0 = Debug|Win32
		{A27F5F75-6763-4966-809E-3ED126E782DD}.Release|Win32.ActiveCfg = Release|Win32
		{A27F5F75-6763-4966-809E-3ED126E782DD}.Release|Win32.Build.0 = Release|Win32
		{A27F5F75-6763-4966-809E-3ED126E782DD}.Unicode Debug|Win32.ActiveCfg = Debug|Win32
		{A27F5F75-6763-4966-809E-3ED126E782DD}.Unicode Debug|Win32.Build.0 = Debug|Win32
		{A27F5F75-6763-4966-809E-3ED126E782DD}.Unicode Release|Win32.ActiveCfg = Release|Win32
		{A27F5F75-6763-4966-809E-3ED126E782DD}.Unicode Release|Win32.Build.0 = Release|Win32
		{D143566B-555B-4D67-B1E7-8456B2A8E829}.Debug|Win32.ActiveCfg = Debug|Win32
		{D143566B-555B-4D67-B1E7-8456B2A8E829}.Debug|Win32.Build.0 = Debug|Win32
		{D143566B-555B-4D67-B1E7-8456B2A8E829}.DemoDebug|Win32.ActiveCfg = Debug|Win32
		{D143566B-555B-4D67-B1E7-8456B2A8E829}.DemoDebug|Win32.Build.0 = Debug|Win32
		{D143566B-555B-4D67-B1E7-8456B2A8E829}.DemoRelease|Win32.ActiveCfg = Release|Win32
		{D143566B-555B-4D67-B1E7-8456B2A8E829}.DemoRelease|Win32.Build.0 = Release|Win32
		{D143566B-555B-4D67-B1E7-8456B2A8E829}.Preview1Day|Win32.ActiveCfg = Release|Win32
		{D143566B-555B-4D67-B1E7-8456B2A8E829}.Preview1Day|Win32.Build.0 = Release|Win32
		{D143566B-555B-4D67-B1E7-8456B2A8E829}.Profile|Win32.ActiveCfg = Release|Win32
		{D143566B-555B-4D67-B1E7-8456B2A8E829}.Profile|Win32.Build.0 = Release|Win32
		{D143566B-555B-4D67-B1E7-8456B2A8E829}.Release No Debug|Win32.ActiveCfg = Debug|Win32
		{D143566B-555B-4D67-B1E7-8456B2A8E829}.Release No Debug|Win32.Build.0 = Debug|Win32
		{D143566B-555B-4D67-B1E7-8456B2A8E829}.Release|Win32.ActiveCfg = Release|Win32
		{D143566B-555B-4D67-B1E7-8456B2A8E829}.Release|Win32.Build.0 = Release|Win32
		{D143566B-555B-4D67-B1E7-8456B2A8E829}.Unicode Debug|Win32.ActiveCfg = Unicode Debug|Win32
		{D143566B-555B-4D67-B1E7-8456B2A8E829}.Unicode Debug|Win32.Build.0 = Unicode Debug|Win32
		{D143566B-555B-4D67-B1E7-8456B2A8E829}.Unicode Release|Win32.ActiveCfg = Unicode Release|Win32
		{D143566B-555B-4D67-B1E7-8456B2A8E829}.Unicode Release|Win32.Build.0 = Unicode Release|Win32
		{E43B9FFA-F6C5-4D02-8752-857731F28683}.Debug|Win32.ActiveCfg = Debug|Win32
		{E43B9FFA-F6C5-4D02-8752-857731F28683}.Debug|Win32.Build.0 = Debug|Win32
		{E43B9FFA-F6C5-4D02-8752-857731F28683}.DemoDebug|Win32.ActiveCfg = Debug|Win32
		{E43B9FFA-F6C5-4D02-8752-857731F28683}.DemoDebug|Win32.Build.0 = Debug|Win32
		{E43B9FFA-F6C5-4D02-8752-857731F28683}.DemoRelease|Win32.ActiveCfg = Release|Win32
		{E43B9FFA-F6C5-4D02-8752-857731F28683}.DemoRelease|Win32.Build.0 = Release|Win32
		{E43B9FFA-F6C5-4D02-8752-857731F28683}.Preview1Day|Win32.ActiveCfg = Debug|Win32
		{E43B9FFA-F6C5-4D02-8752-857731F28683}.Preview1Day|Win32.Build.0 = Debug|Win32
		{E43B9FFA-F6C5-4D02-8752-857731F28683}.Profile|Win32.ActiveCfg = Debug|Win32
		{E43B9FFA-F6C5-4D02-8752-857731F28683}.Profile|Win32.Build.0 = Debug|Win32
		{E43B9FFA-F6C5-4D02-8752-857731F28683}.Release No Debug|Win32.ActiveCfg = Debug|Win32
		{E43B9FFA-F6C5-4D02-8752-857731F28683}.Release No Debug|Win32.Build.0 = Debug|Win32
		{E43B9FFA-F6C5-4D02-8752-857731F28683}.Release|Win32.ActiveCfg = Release|Win32
		{E43B9FFA-F6C5-4D02-8752-857731F28683}.Release|Win32.Build.0 = Release|Win32
		{E43B9FFA-F6C5-4D02-8752-857731F28683}.Unicode Debug|Win32.ActiveCfg = Unicode Debug|Win32
		{E43B9FFA-F6C5-4D02-8752-857731F28683}.Unicode Debug|Win32.Build.0 = Unicode Debug|Win32
		{E43B9FFA-F6C5-4D02-8752-857731F28683}.Unicode Release|Win32.ActiveCfg = Unicode Release|Win32
		{E43B9FFA-F6C5-4D02-8752-857731F28683}.Unicode Release|Win32.Build.0 = Unicode Release|Win32
		{C5F99DA4-DD72-43BB-B474-A8C0EAC94973}.Debug|Win32.ActiveCfg = Debug|Win32
		{C5F99DA4-DD72-43BB-B474-A8C0EAC94973}.Debug|Win32.Build.0 = Debug|Win32
		{C5F99DA4-DD72-43BB-B474-A8C0EAC94973}.DemoDebug|Win32.ActiveCfg = Debug|Win32
		{C5F99DA4-DD72-43BB-B474-A8C0EAC94973}.DemoDebug|Win32.Build.0 = Debug|Win32
		{C5F99DA4-DD72-43BB-B474-A8C0EAC94973}.DemoRelease|Win32.ActiveCfg = Release|Win32
		{C5F99DA4-DD72-43BB-B474-A8C0EAC94973}.DemoRelease|Win32.Build.0 = Release|Win32
		{C5F99DA4-DD72-43BB-B474-A8C0EAC94973}.Preview1Day|Win32.ActiveCfg = Debug|Win32
		{C5F99DA4-DD72-43BB-B474-A8C0EAC94973}.Preview1Day|Win32.Build.0 = Debug|Win32
		{C5F99DA4-DD72-43BB-B474-A8C0EAC94973}.Profile|Win32.ActiveCfg = Debug|Win32
		{C5F99DA4-DD72-43BB-B474-A8C0EAC94973}.Profile|Win32.Build.0 = Debug|Win32
		{C5F99DA4-DD72-43BB-B474-A8C0EAC94973}.Release No Debug|Win32.ActiveCfg = Debug|Win32
		{C5F99DA4-DD72-43BB-B474-A8C0EAC94973}.Release No Debug|Win32.Build.0 = Debug|Win32
		{C5F99DA4-DD72-43BB-B474-A8C0EAC94973}.Release|Win32.ActiveCfg = Release|Win32
		{C5F99DA4-DD72-43BB-B474-A8C0EAC94973}.Release|Win32.Build.0 = Release|Win32
		{C5F99DA4-DD72-43BB-B474-A8C0EAC94973}.Unicode Debug|Win32.ActiveCfg = Unicode Debug|Win32
		{C5F99DA4-DD72-43BB-B474-A8C0EAC94973}.Unicode Debug|Win32.Build.0 = Unicode Debug|Win32
		{C5F99DA4-DD72-43BB-B474-A8C0EAC94973}.Unicode Release|Win32.ActiveCfg = Unicode Release|Win32
		{C5F99DA4-DD72-43BB-B474-A8C0EAC94973}.Unicode Release|Win32.Build.0 = Unicode Release|Win32
		{37F925D0-CDAD-498D-889D-D8B9C1368AA4}.Debug|Win32.ActiveCfg = Debug|Win32
		{37F925D0-CDAD-498D-889D-D8B9C1368AA4}.Debug|Win32.Build.0 = Debug|Win32
		{37F925D0-CDAD-498D-889D-D8B9C1368AA4}.DemoDebug|Win32.ActiveCfg = Debug|Win32
		{37F925D0-CDAD-498D-889D-D8B9C1368AA4}.DemoDebug|Win32.Build.0 = Debug|Win32
		{37F925D0-CDAD-498D-889D-D8B9C1368AA4}.DemoRelease|Win32.ActiveCfg = Release|Win32
		{37F925D0-CDAD-498D-889D-D8B9C1368AA4}.DemoRelease|Win32.Build.0 = Release|Win32
		{37F925D0-CDAD-498D-889D-D8B9C1368AA4}.Preview1Day|Win32.ActiveCfg = Unicode Release|Win32
		{37F925D0-CDAD-498D-889D-D8B9C1368AA4}.Preview1Day|Win32.Build.0 = Unicode Release|Win32
		{37F925D0-CDAD-498D-889D-D8B9C1368AA4}.Profile|Win32.ActiveCfg = Unicode Release|Win32
		{37F925D0-CDAD-498D-889D-D8B9C1368AA4}.Profile|Win32.Build.0 = Unicode Release|Win32
		{37F925D0-CDAD-498D-889D-D8B9C1368AA4}.Release No Debug|Win32.ActiveCfg = Debug|Win32
		{37F925D0-CDAD-498D-889D-D8B9C1368AA4}.Release No Debug|Win32.Build.0 = Debug|Win32
		{37F925D0-CDAD-498D-889D-D8B9C1368AA4}.Release|Win32.ActiveCfg = Release|Win32
		{37F925D0-CDAD-498D-889D-D8B9C1368AA4}.Release|Win32.Build.0 = Release|Win32
		{37F925D0-CDAD-498D-889D-D8B9C1368AA4}.Unicode Debug|Win32.ActiveCfg = Unicode Debug|Win32
		{37F925D0-CDAD-498D-889D-D8B9C1368AA4}.Unicode Debug|Win32.Build.0 = Unicode Debug|Win32
		{37F925D0-CDAD-498D-889D-D8B9C1368AA4}.Unicode Release|Win32.ActiveCfg = Unicode Release|Win32
		{37F925D0-CDAD-498D-889D-D8B9C1368AA4}.Unicode Release|Win32.Build.0 = Unicode Release|Win32
		{04C6F073-6085-48EF-858F-58D523F31CDF}.Debug|Win32.ActiveCfg = Debug|Win32
		{04C6F073-6085-48EF-858F-58D523F31CDF}.Debug|Win32.Build.0 = Debug|Win32
		{04C6F073-6085-48EF-858F-58D523F31CDF}.DemoDebug|Win32.ActiveCfg = Debug|Win32
		{04C6F073-6085-48EF-858F-58D523F31CDF}.DemoDebug|Win32.Build.0 = Debug|Win32
		{04C6F073-6085-48EF-858F-58D523F31CDF}.DemoRelease|Win32.ActiveCfg = Release|Win32
		{04C6F073-6085-48EF-858F-58D523F31CDF}.DemoRelease|Win32.Build.0 = Release|Win32
		{04C6F073-6085-48EF-858F-58D523F31CDF}.Preview1Day|Win32.ActiveCfg = Unicode Release|Win32
		{04C6F073-6085-48EF-858F-58D523F31CDF}.Preview1Day|Win32.Build.0 = Unicode Release|Win32
		{04C6F073-6085-48EF-858F-58D523F31CDF}.Profile|Win32.ActiveCfg = Unicode Release|Win32
		{04C6F073-6085-48EF-858F-58D523F31CDF}.Profile|Win32.Build.0 = Unicode Release|Win32
		{04C6F073-6085-48EF-858F-58D523F31CDF}.Release No Debug|Win32.ActiveCfg = Debug|Win32
		{04C6F073-6085-48EF-858F-58D523F31CDF}.Release No Debug|Win32.Build.0 = Debug|Win32
		{04C6F073-6085-48EF-858F-58D523F31CDF}.Release|Win32.ActiveCfg = Release|Win32
		{04C6F073-6085-48EF-858F-58D523F31CDF}.Release|Win32.Build.0 = Release|Win32
		{04C6F073-6085-48EF-858F-58D523F31CDF}.Unicode Debug|Win32.ActiveCfg = Unicode Debug|Win32
		{04C6F073-6085-48EF-858F-58D523F31CDF}.Unicode Debug|Win32.Build.0 = Unicode Debug|Win32
		{04C6F073-6085-48EF-858F-58D523F31CDF}.Unicode Release|Win32.ActiveCfg = Unicode Release|Win32
		{04C6F073-6085-48EF-858F-58D523F31CDF}.Unicode Release|Win32.Build.0 = Unicode Release|Win32
		{E61D1641-6FBD-47C2-A4A5-790CADDC635C}.Debug|Win32.ActiveCfg = Debug|Win32
		{E61D1641-6FBD-47C2-A4A5-790CADDC635C}.Debug|Win32.Build.0 = Debug|Win32
		{E61D1641-6FBD-47C2-A4A5-790CADDC635C}.DemoDebug|Win32.ActiveCfg = Debug|Win32
		{E61D1641-6FBD-47C2-A4A5-790CADDC635C}.DemoDebug|Win32.Build.0 = Debug|Win32
		{E61D1641-6FBD-47C2-A4A5-790CADDC635C}.DemoRelease|Win32.ActiveCfg = Release|Win32
		{E61D1641-6FBD-47C2-A4A5-790CADDC635C}.DemoRelease|Win32.Build.0 = Release|Win32
		{E61D1641-6FBD-47C2-A4A5-790CADDC635C}.Preview1Day|Win32.ActiveCfg = Unicode Debug|Win32
		{E61D1641-6FBD-47C2-A4A5-790CADDC635C}.Preview1Day|Win32.Build.0 = Unicode Debug|Win32
		{E61D1641-6FBD-47C2-A4A5-790CADDC635C}.Profile|Win32.ActiveCfg = Unicode Debug|Win32
		{E61D1641-6FBD-47C2-A4A5-790CADDC635C}.Profile|Win32.Build.0 = Unicode Debug|Win32
		{E61D1641-6FBD-47C2-A4A5-790CADDC635C}.Release No Debug|Win32.ActiveCfg = Debug|Win32
		{E61D1641-6FBD-47C2-A4A5-790CADDC635C}.Release No Debug|Win32.Build.0 = Debug|Win32
		{E61D1641-6FBD-47C2-A4A5-790CADDC635C}.Release|Win32.ActiveCfg = Release|Win32
		{E61D1641-6FBD-47C2-A4A5-790CADDC635C}.Release|Win32.Build.0 = Release|Win32
		{E61D1641-6FBD-47C2-A4A5-790CADDC635C}.Unicode Debug|Win32.ActiveCfg = Unicode Debug|Win32
		{E61D1641-6FBD-47C2-A4A5-790CADDC635C}.Unicode Debug|Win32.Build.0 = Unicode Debug|Win32
		{E61D1641-6FBD-47C2-A4A5-790CADDC635C}.Unicode Release|Win32.ActiveCfg = Unicode Release|Win32
		{E61D1641-6FBD-47C2-A4A5-790CADDC635C}.Unicode Release|Win32.Build.0 = Unicode Release|Win32
		{C8E68169-3CEA-4238-907A-8A6621E397B5}.Debug|Win32.ActiveCfg = Debug|Win32
		{C8E68169-3CEA-4238-907A-8A6621E397B5}.Debug|Win32.Build.0 = Debug|Win32
		{C8E68169-3CEA-4238-907A-8A6621E397B5}.DemoDebug|Win32.ActiveCfg = Debug|Win32
		{C8E68169-3CEA-4238-907A-8A6621E397B5}.DemoDebug|Win32.Build.0 = Debug|Win32
		{C8E68169-3CEA-4238-907A-8A6621E397B5}.DemoRelease|Win32.ActiveCfg = Release|Win32
		{C8E68169-3CEA-4238-907A-8A6621E397B5}.DemoRelease|Win32.Build.0 = Release|Win32
		{C8E68169-3CEA-4238-907A-8A6621E397B5}.Preview1Day|Win32.ActiveCfg = Unicode Release|Win32
		{C8E68169-3CEA-4238-907A-8A6621E397B5}.Preview1Day|Win32.Build.0 = Unicode Release|Win32
		{C8E68169-3CEA-4238-907A-8A6621E397B5}.Profile|Win32.ActiveCfg = Unicode Release|Win32
		{C8E68169-3CEA-4238-907A-8A6621E397B5}.Profile|Win32.Build.0 = Unicode Release|Win32
		{C8E68169-3CEA-4238-907A-8A6621E397B5}.Release No Debug|Win32.ActiveCfg = Debug|Win32
		{C8E68169-3CEA-4238-907A-8A6621E397B5}.Release No Debug|Win32.Build.0 = Debug|Win32
		{C8E68169-3CEA-4238-907A-8A6621E397B5}.Release|Win32.ActiveCfg = Release|Win32
		{C8E68169-3CEA-4238-907A-8A6621E397B5}.Release|Win32.Build.0 = Release|Win32
		{C8E68169-3CEA-4238-907A-8A6621E397B5}.Unicode Debug|Win32.ActiveCfg = Unicode Debug|Win32
		{C8E68169-3CEA-4238-907A-8A6621E397B5}.Unicode Debug|Win32.Build.0 = Unicode Debug|Win32
		{C8E68169-3CEA-4238-907A-8A6621E397B5}.Unicode Release|Win32.ActiveCfg = Unicode Release|Win32
		{C8E68169-3CEA-4238-907A-8A6621E397B5}.Unicode Release|Win32.Build.0 = Unicode Release|Win32
		{7305B889-18F6-4A36-8DFF-43CAF305C758}.Debug|Win32.ActiveCfg = Debug|Win32
		{7305B889-18F6-4A36-8DFF-43CAF305C758}.Debug|Win32.Build.0 = Debug|Win32
		{7305B889-18F6-4A36-8DFF-43CAF305C758}.DemoDebug|Win32.ActiveCfg = Debug|Win32
		{7305B889-18F6-4A36-8DFF-43CAF305C758}.DemoDebug|Win32.Build.0 = Debug|Win32
		{7305B889-18F6-4A36-8DFF-43CAF305C758}.DemoRelease|Win32.ActiveCfg = Release|Win32
		{7305B889-18F6-4A36-8DFF-43CAF305C758}.DemoRelease|Win32.Build.0 = Release|Win32
		{7305B889-18F6-4A36-8DFF-43CAF305C758}.Preview1Day|Win32.ActiveCfg = Release|Win32
		{7305B889-18F6-4A36-8DFF-43CAF305C758}.Preview1Day|Win32.Build.0 = Release|Win32
		{7305B889-18F6-4A36-8DFF-43CAF305C758}.Profile|Win32.ActiveCfg = Release|Win32
		{7305B889-18F6-4A36-8DFF-43CAF305C758}.Profile|Win32.Build.0 = Release|Win32
		{7305B889-18F6-4A36-8DFF-43CAF305C758}.Release No Debug|Win32.ActiveCfg = Debug|Win32
		{7305B889-18F6-4A36-8DFF-43CAF305C758}.Release No Debug|Win32.Build.0 = Debug|Win32
		{7305B889-18F6-4A36-8DFF-43CAF305C758}.Release|Win32.ActiveCfg = Release|Win32
		{7305B889-18F6-4A36-8DFF-43CAF305C758}.Release|Win32.Build.0 = Release|Win32
		{7305B889-18F6-4A36-8DFF-43CAF305C758}.Unicode Debug|Win32.ActiveCfg = Unicode Debug|Win32
		{7305B889-18F6-4A36-8DFF-43CAF305C758}.Unicode Debug|Win32.Build.0 = Unicode Debug|Win32
		{7305B889-18F6-4A36-8DFF-43CAF305C758}.Unicode Release|Win32.ActiveCfg = Unicode Release|Win32
		{7305B889-18F6-4A36-8DFF-43CAF305C758}.Unicode Release|Win32.Build.0 = Unicode Release|Win32
		{5027C1D5-921F-4E44-9416-B145C0DC022C}.Debug|Win32.ActiveCfg = Debug|Win32
		{5027C1D5-921F-4E44-9416-B145C0DC022C}.Debug|Win32.Build.0 = Debug|Win32
		{5027C1D5-921F-4E44-9416-B145C0DC022C}.DemoDebug|Win32.ActiveCfg = Debug|Win32
		{5027C1D5-921F-4E44-9416-B145C0DC022C}.DemoDebug|Win32.Build.0 = Debug|Win32
		{5027C1D5-921F-4E44-9416-B145C0DC022C}.DemoRelease|Win32.ActiveCfg = Release|Win32
		{5027C1D5-921F-4E44-9416-B145C0DC022C}.DemoRelease|Win32.Build.0 = Release|Win32
		{5027C1D5-921F-4E44-9416-B145C0DC022C}.Preview1Day|Win32.ActiveCfg = Release|Win32
		{5027C1D5-921F-4E44-9416-B145C0DC022C}.Preview1Day|Win32.Build.0 = Release|Win32
		{5027C1D5-921F-4E44-9416-B145C0DC022C}.Profile|Win32.ActiveCfg = Release|Win32
		{5027C1D5-921F-4E44-9416-B145C0DC022C}.Profile|Win32.Build.0 = Release|Win32
		{5027C1D5-921F-4E44-9416-B145C0DC022C}.Release No Debug|Win32.ActiveCfg = Debug|Win32
		{5027C1D5-921F-4E44-9416-B145C0DC022C}.Release No Debug|Win32.Build.0 = Debug|Win32
		{5027C1D5-921F-4E44-9416-B145C0DC022C}.Release|Win32.ActiveCfg = Release|Win32
		{5027C1D5-921F-4E44-9416-B145C0DC022C}.Release|Win32.Build.0 = Release|Win32
		{5027C1D5-921F-4E44-9416-B145C0DC022C}.Unicode Debug|Win32.ActiveCfg = Unicode Debug|Win32
		{5027C1D5-921F-4E44-9416-B145C0DC022C}.Unicode Debug|Win32.Build.0 = Unicode Debug|Win32
		{5027C1D5-921F-4E44-9416-B145C0DC022C}.Unicode Release|Win32.ActiveCfg = Unicode Release|Win32
		{5027C1D5-921F-4E44-9416-B145C0DC022C}.Unicode Release|Win32.Build.0 = Unicode Release|Win32
		{86567A17-FE24-4DA8-91B9-A676817939F0}.Debug|Win32.ActiveCfg = Debug|Win32
		{86567A17-FE24-4DA8-91B9-A676817939F0}.Debug|Win32.Build.0 = Debug|Win32
		{86567A17-FE24-4DA8-91B9-A676817939F0}.DemoDebug|Win32.ActiveCfg = Debug|Win32
		{86567A17-FE24-4DA8-91B9-A676817939F0}.DemoDebug|Win32.Build.0 = Debug|Win32
		{86567A17-FE24-4DA8-91B9-A676817939F0}.DemoRelease|Win32.ActiveCfg = Release|Win32
		{86567A17-FE24-4DA8-91B9-A676817939F0}.DemoRelease|Win32.Build.0 = Release|Win32
		{86567A17-FE24-4DA8-91B9-A676817939F0}.Preview1Day|Win32.ActiveCfg = Release|Win32
		{86567A17-FE24-4DA8-91B9-A676817939F0}.Preview1Day|Win32.Build.0 = Release|Win32
		{86567A17-FE24-4DA8-91B9-A676817939F0}.Profile|Win32.ActiveCfg = Release|Win32
		{86567A17-FE24-4DA8-91B9-A676817939F0}.Profile|Win32.Build.0 = Release|Win32
		{86567A17-FE24-4DA8-91B9-A676817939F0}.Release No Debug|Win32.ActiveCfg = Debug|Win32
		{86567A17-FE24-4DA8-91B9-A676817939F0}.Release No Debug|Win32.Build.0 = Debug|Win32
		{86567A17-FE24-4DA8-91B9-A676817939F0}.Release|Win32.ActiveCfg = Release|Win32
		{86567A17-FE24-4DA8-91B9-A676817939F0}.Release|Win32.Build.0 = Release|Win32
		{86567A17-FE24-4DA8-91B9-A676817939F0}.Unicode Debug|Win32.ActiveCfg = Unicode Debug|Win32
		{86567A17-FE24-4DA8-91B9-A676817939F0}.Unicode Debug|Win32.Build.0 = Unicode Debug|Win32
		{86567A17-FE24-4DA8-91B9-A676817939F0}.Unicode Release|Win32.ActiveCfg = Unicode Release|Win32
		{86567A17-FE24-4DA8-91B9-A676817939F0}.Unicode Release|Win32.Build.0 = Unicode Release|Win32
	EndGlobalSection
	GlobalSection(SolutionProperties) = preSolution
		HideSolutionNode = FALSE
	EndGlobalSection
EndGlobal
