
Microsoft Visual Studio Solution File, Format Version 12.00
# Visual Studio 2013
VisualStudioVersion = 12.0.30501.0
MinimumVisualStudioVersion = 10.0.40219.1
Project("{8BC9CEB8-8B4A-11D0-8D11-00A0C91BC942}") = "BOB", "bob.vcxproj", "{05E4016A-F9CD-4E54-8C06-7ACFBEDF9658}"
EndProject
Project("{8BC9CEB8-8B4A-11D0-8D11-00A0C91BC942}") = "UBfields", "..\ubfields\UBfields.vcxproj", "{D8E2C33F-A2D4-4E38-80EE-4F16E6F02192}"
EndProject
Project("{8BC9CEB8-8B4A-11D0-8D11-00A0C91BC942}") = "quickmis", "..\quickmis\QUICKMIS.vcxproj", "{265A68E4-7D80-4686-AEF3-0928AB4AA431}"
EndProject
Project("{8BC9CEB8-8B4A-11D0-8D11-00A0C91BC942}") = "PLACENAM", "..\placenam\PLACENAM.vcxproj", "{837EE1CC-5201-46B8-86F7-54EFC86B3061}"
EndProject
Project("{8BC9CEB8-8B4A-11D0-8D11-00A0C91BC942}") = "LEngCln", "..\english\LENGCLN.vcxproj", "{BC76AE1C-412F-457A-B4E3-AA072FA8DA5B}"
EndProject
Project("{8BC9CEB8-8B4A-11D0-8D11-00A0C91BC942}") = "LEngRes", "..\english\LENGRES.vcxproj", "{990CC102-A44F-48C9-A17D-7B0C51524DFD}"
EndProject
Project("{8BC9CEB8-8B4A-11D0-8D11-00A0C91BC942}") = "LRusCln", "..\russian\LRUSCLN.vcxproj", "{A6E8C65E-BEF6-441E-A576-793891EDD4FF}"
EndProject
Project("{8BC9CEB8-8B4A-11D0-8D11-00A0C91BC942}") = "LRusRes", "..\russian\LRusRES.vcxproj", "{C16CD2D1-E0A8-402B-91D3-F7FC122F8BC7}"
EndProject
Project("{8BC9CEB8-8B4A-11D0-8D11-00A0C91BC942}") = "ItemGrid", "..\itemgrid\Itemgrid.vcxproj", "{8E782BE1-CDDB-445E-B44B-07A9A6BB3743}"
EndProject
Project("{8BC9CEB8-8B4A-11D0-8D11-00A0C91BC942}") = "ukeylist", "..\input\Ukeylist.vcxproj", "{5E3287C3-0C60-4B95-A9C0-0D6457132E0F}"
EndProject
Project("{8BC9CEB8-8B4A-11D0-8D11-00A0C91BC942}") = "REdit", "..\redit\Redit.vcxproj", "{94DB2670-AE5A-4E33-9A8B-D9182A68C5FB}"
EndProject
Project("{8BC9CEB8-8B4A-11D0-8D11-00A0C91BC942}") = "Lib3D", "..\lib3d\Lib3D.vcxproj", "{A27F5F75-6763-4966-809E-3ED126E782DD}"
EndProject
Project("{8BC9CEB8-8B4A-11D0-8D11-00A0C91BC942}") = "RCombo", "..\rcombo\RCombo.vcxproj", "{D143566B-555B-4D67-B1E7-8456B2A8E829}"
EndProject
Project("{8BC9CEB8-8B4A-11D0-8D11-00A0C91BC942}") = "RButton", "..\rbutton\Rbutton.vcxproj", "{E43B9FFA-F6C5-4D02-8752-857731F28683}"
EndProject
Project("{8BC9CEB8-8B4A-11D0-8D11-00A0C91BC942}") = "REdtBt", "..\redtbt\REdtBt.vcxproj", "{C5F99DA4-DD72-43BB-B474-A8C0EAC94973}"
EndProject
Project("{8BC9CEB8-8B4A-11D0-8D11-00A0C91BC942}") = "RListBox", "..\rlistbox\RListBox.vcxproj", "{37F925D0-CDAD-498D-889D-D8B9C1368AA4}"
EndProject
Project("{8BC9CEB8-8B4A-11D0-8D11-00A0C91BC942}") = "RRadio", "..\rradio\RRadio.vcxproj", "{04C6F073-6085-48EF-858F-58D523F31CDF}"
EndProject
Project("{8BC9CEB8-8B4A-11D0-8D11-00A0C91BC942}") = "RScrlBar", "..\rscrlbar\Rscrlbar.vcxproj", "{E61D1641-6FBD-47C2-A4A5-790CADDC635C}"
EndProject
Project("{8BC9CEB8-8B4A-11D0-8D11-00A0C91BC942}") = "RSpinBut", "..\rspinbut\Rspinbut.vcxproj", "{C8E68169-3CEA-4238-907A-8A6621E397B5}"
EndProject
Project("{8BC9CEB8-8B4A-11D0-8D11-00A0C91BC942}") = "RSpltBar", "..\rspltbar\RSpltBar.vcxproj", "{7305B889-18F6-4A36-8DFF-43CAF305C758}"
EndProject
Project("{8BC9CEB8-8B4A-11D0-8D11-00A0C91BC942}") = "RStatic", "..\rstatic\RStatic.vcxproj", "{5027C1D5-921F-4E44-9416-B145C0DC022C}"
EndProject
Project("{8BC9CEB8-8B4A-11D0-8D11-00A0C91BC942}") = "RTabs", "..\rtabs\RTabs.vcxproj", "{86567A17-FE24-4DA8-91B9-A676817939F0}"
EndProject
Project("{8BC9CEB8-8B4A-11D0-8D11-00A0C91BC942}") = "keyboard", "..\extra\keyboard\KEYBOARD.vcxproj", "{9B39E648-8CEB-4732-842A-09E74FF2F774}"
EndProject
Project("{8BC9CEB8-8B4A-11D0-8D11-00A0C91BC942}") = "UnitTest++.vsnet2005", "..\UnitTest++\UnitTest++.vsnet2005.vcxproj", "{64A4FEFE-0461-4E95-8CC1-91EF5F57DBC6}"
EndProject
Project("{8BC9CEB8-8B4A-11D0-8D11-00A0C91BC942}") = "TestUnitTest++.vsnet2005", "..\UnitTest++\TestUnitTest++.vsnet2005.vcxproj", "{9CCC3439-309E-4E85-B3B8-CE704D385D48}"
EndProject
Global
	GlobalSection(SolutionConfigurationPlatforms) = preSolution
		Debug|ARM = Debug|ARM
		Debug|Win32 = Debug|Win32
		DemoDebug|ARM = DemoDebug|ARM
		DemoDebug|Win32 = DemoDebug|Win32
		DemoRelease|ARM = DemoRelease|ARM
		DemoRelease|Win32 = DemoRelease|Win32
		Preview1Day|ARM = Preview1Day|ARM
		Preview1Day|Win32 = Preview1Day|Win32
		Profile|ARM = Profile|ARM
		Profile|Win32 = Profile|Win32
		Release No Debug|ARM = Release No Debug|ARM
		Release No Debug|Win32 = Release No Debug|Win32
		Release|ARM = Release|ARM
		Release|Win32 = Release|Win32
		Tests|ARM = Tests|ARM
		Tests|Win32 = Tests|Win32
		Unicode Debug|ARM = Unicode Debug|ARM
		Unicode Debug|Win32 = Unicode Debug|Win32
		Unicode Release|ARM = Unicode Release|ARM
		Unicode Release|Win32 = Unicode Release|Win32
	EndGlobalSection
	GlobalSection(ProjectConfigurationPlatforms) = postSolution
		{05E4016A-F9CD-4E54-8C06-7ACFBEDF9658}.Debug|ARM.ActiveCfg = Debug|ARM
		{05E4016A-F9CD-4E54-8C06-7ACFBEDF9658}.Debug|ARM.Build.0 = Debug|ARM
		{05E4016A-F9CD-4E54-8C06-7ACFBEDF9658}.Debug|Win32.ActiveCfg = Debug|Win32
		{05E4016A-F9CD-4E54-8C06-7ACFBEDF9658}.Debug|Win32.Build.0 = Debug|Win32
		{05E4016A-F9CD-4E54-8C06-7ACFBEDF9658}.DemoDebug|ARM.ActiveCfg = DemoDebug|ARM
		{05E4016A-F9CD-4E54-8C06-7ACFBEDF9658}.DemoDebug|ARM.Build.0 = DemoDebug|ARM
		{05E4016A-F9CD-4E54-8C06-7ACFBEDF9658}.DemoDebug|Win32.ActiveCfg = Debug|Win32
		{05E4016A-F9CD-4E54-8C06-7ACFBEDF9658}.DemoDebug|Win32.Build.0 = Debug|Win32
		{05E4016A-F9CD-4E54-8C06-7ACFBEDF9658}.DemoRelease|ARM.ActiveCfg = DemoRelease|ARM
		{05E4016A-F9CD-4E54-8C06-7ACFBEDF9658}.DemoRelease|ARM.Build.0 = DemoRelease|ARM
		{05E4016A-F9CD-4E54-8C06-7ACFBEDF9658}.DemoRelease|Win32.ActiveCfg = DemoRelease|Win32
		{05E4016A-F9CD-4E54-8C06-7ACFBEDF9658}.DemoRelease|Win32.Build.0 = DemoRelease|Win32
		{05E4016A-F9CD-4E54-8C06-7ACFBEDF9658}.Preview1Day|ARM.ActiveCfg = Preview1Day|ARM
		{05E4016A-F9CD-4E54-8C06-7ACFBEDF9658}.Preview1Day|ARM.Build.0 = Preview1Day|ARM
		{05E4016A-F9CD-4E54-8C06-7ACFBEDF9658}.Preview1Day|Win32.ActiveCfg = Preview1Day|Win32
		{05E4016A-F9CD-4E54-8C06-7ACFBEDF9658}.Preview1Day|Win32.Build.0 = Preview1Day|Win32
		{05E4016A-F9CD-4E54-8C06-7ACFBEDF9658}.Profile|ARM.ActiveCfg = Profile|ARM
		{05E4016A-F9CD-4E54-8C06-7ACFBEDF9658}.Profile|ARM.Build.0 = Profile|ARM
		{05E4016A-F9CD-4E54-8C06-7ACFBEDF9658}.Profile|Win32.ActiveCfg = Profile|Win32
		{05E4016A-F9CD-4E54-8C06-7ACFBEDF9658}.Profile|Win32.Build.0 = Profile|Win32
		{05E4016A-F9CD-4E54-8C06-7ACFBEDF9658}.Release No Debug|ARM.ActiveCfg = Release No Debug|ARM
		{05E4016A-F9CD-4E54-8C06-7ACFBEDF9658}.Release No Debug|ARM.Build.0 = Release No Debug|ARM
		{05E4016A-F9CD-4E54-8C06-7ACFBEDF9658}.Release No Debug|Win32.ActiveCfg = Release No Debug|Win32
		{05E4016A-F9CD-4E54-8C06-7ACFBEDF9658}.Release No Debug|Win32.Build.0 = Release No Debug|Win32
		{05E4016A-F9CD-4E54-8C06-7ACFBEDF9658}.Release|ARM.ActiveCfg = Release|ARM
		{05E4016A-F9CD-4E54-8C06-7ACFBEDF9658}.Release|ARM.Build.0 = Release|ARM
		{05E4016A-F9CD-4E54-8C06-7ACFBEDF9658}.Release|Win32.ActiveCfg = Release|Win32
		{05E4016A-F9CD-4E54-8C06-7ACFBEDF9658}.Release|Win32.Build.0 = Release|Win32
		{05E4016A-F9CD-4E54-8C06-7ACFBEDF9658}.Tests|ARM.ActiveCfg = Tests|ARM
		{05E4016A-F9CD-4E54-8C06-7ACFBEDF9658}.Tests|ARM.Build.0 = Tests|ARM
		{05E4016A-F9CD-4E54-8C06-7ACFBEDF9658}.Tests|Win32.ActiveCfg = Tests|Win32
		{05E4016A-F9CD-4E54-8C06-7ACFBEDF9658}.Tests|Win32.Build.0 = Tests|Win32
		{05E4016A-F9CD-4E54-8C06-7ACFBEDF9658}.Unicode Debug|ARM.ActiveCfg = Debug|ARM
		{05E4016A-F9CD-4E54-8C06-7ACFBEDF9658}.Unicode Debug|ARM.Build.0 = Debug|ARM
		{05E4016A-F9CD-4E54-8C06-7ACFBEDF9658}.Unicode Debug|Win32.ActiveCfg = Debug|Win32
		{05E4016A-F9CD-4E54-8C06-7ACFBEDF9658}.Unicode Debug|Win32.Build.0 = Debug|Win32
		{05E4016A-F9CD-4E54-8C06-7ACFBEDF9658}.Unicode Release|ARM.ActiveCfg = Release|ARM
		{05E4016A-F9CD-4E54-8C06-7ACFBEDF9658}.Unicode Release|ARM.Build.0 = Release|ARM
		{05E4016A-F9CD-4E54-8C06-7ACFBEDF9658}.Unicode Release|Win32.ActiveCfg = Release|Win32
		{05E4016A-F9CD-4E54-8C06-7ACFBEDF9658}.Unicode Release|Win32.Build.0 = Release|Win32
		{D8E2C33F-A2D4-4E38-80EE-4F16E6F02192}.Debug|ARM.ActiveCfg = Debug|Win32
		{D8E2C33F-A2D4-4E38-80EE-4F16E6F02192}.Debug|Win32.ActiveCfg = Debug|Win32
		{D8E2C33F-A2D4-4E38-80EE-4F16E6F02192}.Debug|Win32.Build.0 = Debug|Win32
		{D8E2C33F-A2D4-4E38-80EE-4F16E6F02192}.DemoDebug|ARM.ActiveCfg = Debug|Win32
		{D8E2C33F-A2D4-4E38-80EE-4F16E6F02192}.DemoDebug|Win32.ActiveCfg = Debug|Win32
		{D8E2C33F-A2D4-4E38-80EE-4F16E6F02192}.DemoDebug|Win32.Build.0 = Debug|Win32
		{D8E2C33F-A2D4-4E38-80EE-4F16E6F02192}.DemoRelease|ARM.ActiveCfg = Release|Win32
		{D8E2C33F-A2D4-4E38-80EE-4F16E6F02192}.DemoRelease|Win32.ActiveCfg = Release|Win32
		{D8E2C33F-A2D4-4E38-80EE-4F16E6F02192}.DemoRelease|Win32.Build.0 = Release|Win32
		{D8E2C33F-A2D4-4E38-80EE-4F16E6F02192}.Preview1Day|ARM.ActiveCfg = Release|Win32
		{D8E2C33F-A2D4-4E38-80EE-4F16E6F02192}.Preview1Day|Win32.ActiveCfg = Release|Win32
		{D8E2C33F-A2D4-4E38-80EE-4F16E6F02192}.Preview1Day|Win32.Build.0 = Release|Win32
		{D8E2C33F-A2D4-4E38-80EE-4F16E6F02192}.Profile|ARM.ActiveCfg = Release|Win32
		{D8E2C33F-A2D4-4E38-80EE-4F16E6F02192}.Profile|Win32.ActiveCfg = Release|Win32
		{D8E2C33F-A2D4-4E38-80EE-4F16E6F02192}.Profile|Win32.Build.0 = Release|Win32
		{D8E2C33F-A2D4-4E38-80EE-4F16E6F02192}.Release No Debug|ARM.ActiveCfg = Release|Win32
		{D8E2C33F-A2D4-4E38-80EE-4F16E6F02192}.Release No Debug|Win32.ActiveCfg = Debug|Win32
		{D8E2C33F-A2D4-4E38-80EE-4F16E6F02192}.Release No Debug|Win32.Build.0 = Debug|Win32
		{D8E2C33F-A2D4-4E38-80EE-4F16E6F02192}.Release|ARM.ActiveCfg = Release|Win32
		{D8E2C33F-A2D4-4E38-80EE-4F16E6F02192}.Release|Win32.ActiveCfg = Release|Win32
		{D8E2C33F-A2D4-4E38-80EE-4F16E6F02192}.Release|Win32.Build.0 = Release|Win32
		{D8E2C33F-A2D4-4E38-80EE-4F16E6F02192}.Tests|ARM.ActiveCfg = Release|Win32
		{D8E2C33F-A2D4-4E38-80EE-4F16E6F02192}.Tests|Win32.ActiveCfg = Debug|Win32
		{D8E2C33F-A2D4-4E38-80EE-4F16E6F02192}.Tests|Win32.Build.0 = Debug|Win32
		{D8E2C33F-A2D4-4E38-80EE-4F16E6F02192}.Unicode Debug|ARM.ActiveCfg = Debug|Win32
		{D8E2C33F-A2D4-4E38-80EE-4F16E6F02192}.Unicode Debug|Win32.ActiveCfg = Debug|Win32
		{D8E2C33F-A2D4-4E38-80EE-4F16E6F02192}.Unicode Debug|Win32.Build.0 = Debug|Win32
		{D8E2C33F-A2D4-4E38-80EE-4F16E6F02192}.Unicode Release|ARM.ActiveCfg = Release|Win32
		{D8E2C33F-A2D4-4E38-80EE-4F16E6F02192}.Unicode Release|Win32.ActiveCfg = Release|Win32
		{D8E2C33F-A2D4-4E38-80EE-4F16E6F02192}.Unicode Release|Win32.Build.0 = Release|Win32
		{265A68E4-7D80-4686-AEF3-0928AB4AA431}.Debug|ARM.ActiveCfg = Debug|Win32
		{265A68E4-7D80-4686-AEF3-0928AB4AA431}.Debug|Win32.ActiveCfg = Debug|Win32
		{265A68E4-7D80-4686-AEF3-0928AB4AA431}.Debug|Win32.Build.0 = Debug|Win32
		{265A68E4-7D80-4686-AEF3-0928AB4AA431}.DemoDebug|ARM.ActiveCfg = DemoDebug|Win32
		{265A68E4-7D80-4686-AEF3-0928AB4AA431}.DemoDebug|Win32.ActiveCfg = Debug|Win32
		{265A68E4-7D80-4686-AEF3-0928AB4AA431}.DemoDebug|Win32.Build.0 = Debug|Win32
		{265A68E4-7D80-4686-AEF3-0928AB4AA431}.DemoRelease|ARM.ActiveCfg = DemoRelease|Win32
		{265A68E4-7D80-4686-AEF3-0928AB4AA431}.DemoRelease|Win32.ActiveCfg = DemoRelease|Win32
		{265A68E4-7D80-4686-AEF3-0928AB4AA431}.DemoRelease|Win32.Build.0 = DemoRelease|Win32
		{265A68E4-7D80-4686-AEF3-0928AB4AA431}.Preview1Day|ARM.ActiveCfg = DemoDebug|Win32
		{265A68E4-7D80-4686-AEF3-0928AB4AA431}.Preview1Day|Win32.ActiveCfg = Debug|Win32
		{265A68E4-7D80-4686-AEF3-0928AB4AA431}.Preview1Day|Win32.Build.0 = Debug|Win32
		{265A68E4-7D80-4686-AEF3-0928AB4AA431}.Profile|ARM.ActiveCfg = DemoDebug|Win32
		{265A68E4-7D80-4686-AEF3-0928AB4AA431}.Profile|Win32.ActiveCfg = Debug|Win32
		{265A68E4-7D80-4686-AEF3-0928AB4AA431}.Profile|Win32.Build.0 = Debug|Win32
		{265A68E4-7D80-4686-AEF3-0928AB4AA431}.Release No Debug|ARM.ActiveCfg = Release|Win32
		{265A68E4-7D80-4686-AEF3-0928AB4AA431}.Release No Debug|Win32.ActiveCfg = Debug|Win32
		{265A68E4-7D80-4686-AEF3-0928AB4AA431}.Release No Debug|Win32.Build.0 = Debug|Win32
		{265A68E4-7D80-4686-AEF3-0928AB4AA431}.Release|ARM.ActiveCfg = Release|Win32
		{265A68E4-7D80-4686-AEF3-0928AB4AA431}.Release|Win32.ActiveCfg = Release|Win32
		{265A68E4-7D80-4686-AEF3-0928AB4AA431}.Release|Win32.Build.0 = Release|Win32
		{265A68E4-7D80-4686-AEF3-0928AB4AA431}.Tests|ARM.ActiveCfg = DemoDebug|Win32
		{265A68E4-7D80-4686-AEF3-0928AB4AA431}.Tests|Win32.ActiveCfg = Debug|Win32
		{265A68E4-7D80-4686-AEF3-0928AB4AA431}.Tests|Win32.Build.0 = Debug|Win32
		{265A68E4-7D80-4686-AEF3-0928AB4AA431}.Unicode Debug|ARM.ActiveCfg = Debug|Win32
		{265A68E4-7D80-4686-AEF3-0928AB4AA431}.Unicode Debug|Win32.ActiveCfg = Debug|Win32
		{265A68E4-7D80-4686-AEF3-0928AB4AA431}.Unicode Debug|Win32.Build.0 = Debug|Win32
		{265A68E4-7D80-4686-AEF3-0928AB4AA431}.Unicode Release|ARM.ActiveCfg = Release|Win32
		{265A68E4-7D80-4686-AEF3-0928AB4AA431}.Unicode Release|Win32.ActiveCfg = Release|Win32
		{265A68E4-7D80-4686-AEF3-0928AB4AA431}.Unicode Release|Win32.Build.0 = Release|Win32
		{837EE1CC-5201-46B8-86F7-54EFC86B3061}.Debug|ARM.ActiveCfg = Debug|Win32
		{837EE1CC-5201-46B8-86F7-54EFC86B3061}.Debug|Win32.ActiveCfg = Debug|Win32
		{837EE1CC-5201-46B8-86F7-54EFC86B3061}.Debug|Win32.Build.0 = Debug|Win32
		{837EE1CC-5201-46B8-86F7-54EFC86B3061}.DemoDebug|ARM.ActiveCfg = Debug|Win32
		{837EE1CC-5201-46B8-86F7-54EFC86B3061}.DemoDebug|Win32.ActiveCfg = Debug|Win32
		{837EE1CC-5201-46B8-86F7-54EFC86B3061}.DemoDebug|Win32.Build.0 = Debug|Win32
		{837EE1CC-5201-46B8-86F7-54EFC86B3061}.DemoRelease|ARM.ActiveCfg = Release|Win32
		{837EE1CC-5201-46B8-86F7-54EFC86B3061}.DemoRelease|Win32.ActiveCfg = Release|Win32
		{837EE1CC-5201-46B8-86F7-54EFC86B3061}.DemoRelease|Win32.Build.0 = Release|Win32
		{837EE1CC-5201-46B8-86F7-54EFC86B3061}.Preview1Day|ARM.ActiveCfg = Release|Win32
		{837EE1CC-5201-46B8-86F7-54EFC86B3061}.Preview1Day|Win32.ActiveCfg = Release|Win32
		{837EE1CC-5201-46B8-86F7-54EFC86B3061}.Preview1Day|Win32.Build.0 = Release|Win32
		{837EE1CC-5201-46B8-86F7-54EFC86B3061}.Profile|ARM.ActiveCfg = Release|Win32
		{837EE1CC-5201-46B8-86F7-54EFC86B3061}.Profile|Win32.ActiveCfg = Release|Win32
		{837EE1CC-5201-46B8-86F7-54EFC86B3061}.Profile|Win32.Build.0 = Release|Win32
		{837EE1CC-5201-46B8-86F7-54EFC86B3061}.Release No Debug|ARM.ActiveCfg = Release|Win32
		{837EE1CC-5201-46B8-86F7-54EFC86B3061}.Release No Debug|Win32.ActiveCfg = Debug|Win32
		{837EE1CC-5201-46B8-86F7-54EFC86B3061}.Release No Debug|Win32.Build.0 = Debug|Win32
		{837EE1CC-5201-46B8-86F7-54EFC86B3061}.Release|ARM.ActiveCfg = Release|Win32
		{837EE1CC-5201-46B8-86F7-54EFC86B3061}.Release|Win32.ActiveCfg = Release|Win32
		{837EE1CC-5201-46B8-86F7-54EFC86B3061}.Release|Win32.Build.0 = Release|Win32
		{837EE1CC-5201-46B8-86F7-54EFC86B3061}.Tests|ARM.ActiveCfg = Release|Win32
		{837EE1CC-5201-46B8-86F7-54EFC86B3061}.Tests|Win32.ActiveCfg = Debug|Win32
		{837EE1CC-5201-46B8-86F7-54EFC86B3061}.Tests|Win32.Build.0 = Debug|Win32
		{837EE1CC-5201-46B8-86F7-54EFC86B3061}.Unicode Debug|ARM.ActiveCfg = Debug|Win32
		{837EE1CC-5201-46B8-86F7-54EFC86B3061}.Unicode Debug|Win32.ActiveCfg = Debug|Win32
		{837EE1CC-5201-46B8-86F7-54EFC86B3061}.Unicode Debug|Win32.Build.0 = Debug|Win32
		{837EE1CC-5201-46B8-86F7-54EFC86B3061}.Unicode Release|ARM.ActiveCfg = Release|Win32
		{837EE1CC-5201-46B8-86F7-54EFC86B3061}.Unicode Release|Win32.ActiveCfg = Release|Win32
		{837EE1CC-5201-46B8-86F7-54EFC86B3061}.Unicode Release|Win32.Build.0 = Release|Win32
		{BC76AE1C-412F-457A-B4E3-AA072FA8DA5B}.Debug|ARM.ActiveCfg = Debug|Win32
		{BC76AE1C-412F-457A-B4E3-AA072FA8DA5B}.Debug|Win32.ActiveCfg = Debug|Win32
		{BC76AE1C-412F-457A-B4E3-AA072FA8DA5B}.Debug|Win32.Build.0 = Debug|Win32
		{BC76AE1C-412F-457A-B4E3-AA072FA8DA5B}.DemoDebug|ARM.ActiveCfg = Debug|Win32
		{BC76AE1C-412F-457A-B4E3-AA072FA8DA5B}.DemoDebug|Win32.ActiveCfg = Debug|Win32
		{BC76AE1C-412F-457A-B4E3-AA072FA8DA5B}.DemoDebug|Win32.Build.0 = Debug|Win32
		{BC76AE1C-412F-457A-B4E3-AA072FA8DA5B}.DemoRelease|ARM.ActiveCfg = Release|Win32
		{BC76AE1C-412F-457A-B4E3-AA072FA8DA5B}.DemoRelease|Win32.ActiveCfg = Release|Win32
		{BC76AE1C-412F-457A-B4E3-AA072FA8DA5B}.DemoRelease|Win32.Build.0 = Release|Win32
		{BC76AE1C-412F-457A-B4E3-AA072FA8DA5B}.Preview1Day|ARM.ActiveCfg = Release|Win32
		{BC76AE1C-412F-457A-B4E3-AA072FA8DA5B}.Preview1Day|Win32.ActiveCfg = Debug|Win32
		{BC76AE1C-412F-457A-B4E3-AA072FA8DA5B}.Preview1Day|Win32.Build.0 = Debug|Win32
		{BC76AE1C-412F-457A-B4E3-AA072FA8DA5B}.Profile|ARM.ActiveCfg = Release|Win32
		{BC76AE1C-412F-457A-B4E3-AA072FA8DA5B}.Profile|Win32.ActiveCfg = Debug|Win32
		{BC76AE1C-412F-457A-B4E3-AA072FA8DA5B}.Profile|Win32.Build.0 = Debug|Win32
		{BC76AE1C-412F-457A-B4E3-AA072FA8DA5B}.Release No Debug|ARM.ActiveCfg = Release|Win32
		{BC76AE1C-412F-457A-B4E3-AA072FA8DA5B}.Release No Debug|Win32.ActiveCfg = Debug|Win32
		{BC76AE1C-412F-457A-B4E3-AA072FA8DA5B}.Release No Debug|Win32.Build.0 = Debug|Win32
		{BC76AE1C-412F-457A-B4E3-AA072FA8DA5B}.Release|ARM.ActiveCfg = Release|Win32
		{BC76AE1C-412F-457A-B4E3-AA072FA8DA5B}.Release|Win32.ActiveCfg = Release|Win32
		{BC76AE1C-412F-457A-B4E3-AA072FA8DA5B}.Release|Win32.Build.0 = Release|Win32
		{BC76AE1C-412F-457A-B4E3-AA072FA8DA5B}.Tests|ARM.ActiveCfg = Release|Win32
		{BC76AE1C-412F-457A-B4E3-AA072FA8DA5B}.Tests|Win32.ActiveCfg = Debug|Win32
		{BC76AE1C-412F-457A-B4E3-AA072FA8DA5B}.Tests|Win32.Build.0 = Debug|Win32
		{BC76AE1C-412F-457A-B4E3-AA072FA8DA5B}.Unicode Debug|ARM.ActiveCfg = Debug|Win32
		{BC76AE1C-412F-457A-B4E3-AA072FA8DA5B}.Unicode Debug|Win32.ActiveCfg = Debug|Win32
		{BC76AE1C-412F-457A-B4E3-AA072FA8DA5B}.Unicode Debug|Win32.Build.0 = Debug|Win32
		{BC76AE1C-412F-457A-B4E3-AA072FA8DA5B}.Unicode Release|ARM.ActiveCfg = Release|Win32
		{BC76AE1C-412F-457A-B4E3-AA072FA8DA5B}.Unicode Release|Win32.ActiveCfg = Release|Win32
		{BC76AE1C-412F-457A-B4E3-AA072FA8DA5B}.Unicode Release|Win32.Build.0 = Release|Win32
		{990CC102-A44F-48C9-A17D-7B0C51524DFD}.Debug|ARM.ActiveCfg = Debug|Win32
		{990CC102-A44F-48C9-A17D-7B0C51524DFD}.Debug|Win32.ActiveCfg = Debug|Win32
		{990CC102-A44F-48C9-A17D-7B0C51524DFD}.Debug|Win32.Build.0 = Debug|Win32
		{990CC102-A44F-48C9-A17D-7B0C51524DFD}.DemoDebug|ARM.ActiveCfg = Debug|Win32
		{990CC102-A44F-48C9-A17D-7B0C51524DFD}.DemoDebug|Win32.ActiveCfg = Debug|Win32
		{990CC102-A44F-48C9-A17D-7B0C51524DFD}.DemoDebug|Win32.Build.0 = Debug|Win32
		{990CC102-A44F-48C9-A17D-7B0C51524DFD}.DemoRelease|ARM.ActiveCfg = Release|Win32
		{990CC102-A44F-48C9-A17D-7B0C51524DFD}.DemoRelease|Win32.ActiveCfg = Release|Win32
		{990CC102-A44F-48C9-A17D-7B0C51524DFD}.DemoRelease|Win32.Build.0 = Release|Win32
		{990CC102-A44F-48C9-A17D-7B0C51524DFD}.Preview1Day|ARM.ActiveCfg = Release|Win32
		{990CC102-A44F-48C9-A17D-7B0C51524DFD}.Preview1Day|Win32.ActiveCfg = Release|Win32
		{990CC102-A44F-48C9-A17D-7B0C51524DFD}.Preview1Day|Win32.Build.0 = Release|Win32
		{990CC102-A44F-48C9-A17D-7B0C51524DFD}.Profile|ARM.ActiveCfg = Release|Win32
		{990CC102-A44F-48C9-A17D-7B0C51524DFD}.Profile|Win32.ActiveCfg = Release|Win32
		{990CC102-A44F-48C9-A17D-7B0C51524DFD}.Profile|Win32.Build.0 = Release|Win32
		{990CC102-A44F-48C9-A17D-7B0C51524DFD}.Release No Debug|ARM.ActiveCfg = Release|Win32
		{990CC102-A44F-48C9-A17D-7B0C51524DFD}.Release No Debug|Win32.ActiveCfg = Debug|Win32
		{990CC102-A44F-48C9-A17D-7B0C51524DFD}.Release No Debug|Win32.Build.0 = Debug|Win32
		{990CC102-A44F-48C9-A17D-7B0C51524DFD}.Release|ARM.ActiveCfg = Release|Win32
		{990CC102-A44F-48C9-A17D-7B0C51524DFD}.Release|Win32.ActiveCfg = Release|Win32
		{990CC102-A44F-48C9-A17D-7B0C51524DFD}.Release|Win32.Build.0 = Release|Win32
		{990CC102-A44F-48C9-A17D-7B0C51524DFD}.Tests|ARM.ActiveCfg = Release|Win32
		{990CC102-A44F-48C9-A17D-7B0C51524DFD}.Tests|Win32.ActiveCfg = Debug|Win32
		{990CC102-A44F-48C9-A17D-7B0C51524DFD}.Tests|Win32.Build.0 = Debug|Win32
		{990CC102-A44F-48C9-A17D-7B0C51524DFD}.Unicode Debug|ARM.ActiveCfg = Debug|Win32
		{990CC102-A44F-48C9-A17D-7B0C51524DFD}.Unicode Debug|Win32.ActiveCfg = Debug|Win32
		{990CC102-A44F-48C9-A17D-7B0C51524DFD}.Unicode Debug|Win32.Build.0 = Debug|Win32
		{990CC102-A44F-48C9-A17D-7B0C51524DFD}.Unicode Release|ARM.ActiveCfg = Release|Win32
		{990CC102-A44F-48C9-A17D-7B0C51524DFD}.Unicode Release|Win32.ActiveCfg = Release|Win32
		{990CC102-A44F-48C9-A17D-7B0C51524DFD}.Unicode Release|Win32.Build.0 = Release|Win32
		{A6E8C65E-BEF6-441E-A576-793891EDD4FF}.Debug|ARM.ActiveCfg = Debug|Win32
		{A6E8C65E-BEF6-441E-A576-793891EDD4FF}.Debug|Win32.ActiveCfg = Debug|Win32
		{A6E8C65E-BEF6-441E-A576-793891EDD4FF}.Debug|Win32.Build.0 = Debug|Win32
		{A6E8C65E-BEF6-441E-A576-793891EDD4FF}.DemoDebug|ARM.ActiveCfg = Debug|Win32
		{A6E8C65E-BEF6-441E-A576-793891EDD4FF}.DemoDebug|Win32.ActiveCfg = Debug|Win32
		{A6E8C65E-BEF6-441E-A576-793891EDD4FF}.DemoDebug|Win32.Build.0 = Debug|Win32
		{A6E8C65E-BEF6-441E-A576-793891EDD4FF}.DemoRelease|ARM.ActiveCfg = Release|Win32
		{A6E8C65E-BEF6-441E-A576-793891EDD4FF}.DemoRelease|Win32.ActiveCfg = Release|Win32
		{A6E8C65E-BEF6-441E-A576-793891EDD4FF}.DemoRelease|Win32.Build.0 = Release|Win32
		{A6E8C65E-BEF6-441E-A576-793891EDD4FF}.Preview1Day|ARM.ActiveCfg = Release|Win32
		{A6E8C65E-BEF6-441E-A576-793891EDD4FF}.Preview1Day|Win32.ActiveCfg = Release|Win32
		{A6E8C65E-BEF6-441E-A576-793891EDD4FF}.Preview1Day|Win32.Build.0 = Release|Win32
		{A6E8C65E-BEF6-441E-A576-793891EDD4FF}.Profile|ARM.ActiveCfg = Release|Win32
		{A6E8C65E-BEF6-441E-A576-793891EDD4FF}.Profile|Win32.ActiveCfg = Release|Win32
		{A6E8C65E-BEF6-441E-A576-793891EDD4FF}.Profile|Win32.Build.0 = Release|Win32
		{A6E8C65E-BEF6-441E-A576-793891EDD4FF}.Release No Debug|ARM.ActiveCfg = Release|Win32
		{A6E8C65E-BEF6-441E-A576-793891EDD4FF}.Release No Debug|Win32.ActiveCfg = Debug|Win32
		{A6E8C65E-BEF6-441E-A576-793891EDD4FF}.Release No Debug|Win32.Build.0 = Debug|Win32
		{A6E8C65E-BEF6-441E-A576-793891EDD4FF}.Release|ARM.ActiveCfg = Release|Win32
		{A6E8C65E-BEF6-441E-A576-793891EDD4FF}.Release|Win32.ActiveCfg = Release|Win32
		{A6E8C65E-BEF6-441E-A576-793891EDD4FF}.Release|Win32.Build.0 = Release|Win32
		{A6E8C65E-BEF6-441E-A576-793891EDD4FF}.Tests|ARM.ActiveCfg = Release|Win32
		{A6E8C65E-BEF6-441E-A576-793891EDD4FF}.Tests|Win32.ActiveCfg = Debug|Win32
		{A6E8C65E-BEF6-441E-A576-793891EDD4FF}.Tests|Win32.Build.0 = Debug|Win32
		{A6E8C65E-BEF6-441E-A576-793891EDD4FF}.Unicode Debug|ARM.ActiveCfg = Debug|Win32
		{A6E8C65E-BEF6-441E-A576-793891EDD4FF}.Unicode Debug|Win32.ActiveCfg = Debug|Win32
		{A6E8C65E-BEF6-441E-A576-793891EDD4FF}.Unicode Debug|Win32.Build.0 = Debug|Win32
		{A6E8C65E-BEF6-441E-A576-793891EDD4FF}.Unicode Release|ARM.ActiveCfg = Release|Win32
		{A6E8C65E-BEF6-441E-A576-793891EDD4FF}.Unicode Release|Win32.ActiveCfg = Release|Win32
		{A6E8C65E-BEF6-441E-A576-793891EDD4FF}.Unicode Release|Win32.Build.0 = Release|Win32
		{C16CD2D1-E0A8-402B-91D3-F7FC122F8BC7}.Debug|ARM.ActiveCfg = Debug|Win32
		{C16CD2D1-E0A8-402B-91D3-F7FC122F8BC7}.Debug|Win32.ActiveCfg = Debug|Win32
		{C16CD2D1-E0A8-402B-91D3-F7FC122F8BC7}.Debug|Win32.Build.0 = Debug|Win32
		{C16CD2D1-E0A8-402B-91D3-F7FC122F8BC7}.DemoDebug|ARM.ActiveCfg = Debug|Win32
		{C16CD2D1-E0A8-402B-91D3-F7FC122F8BC7}.DemoDebug|Win32.ActiveCfg = Debug|Win32
		{C16CD2D1-E0A8-402B-91D3-F7FC122F8BC7}.DemoDebug|Win32.Build.0 = Debug|Win32
		{C16CD2D1-E0A8-402B-91D3-F7FC122F8BC7}.DemoRelease|ARM.ActiveCfg = Release|Win32
		{C16CD2D1-E0A8-402B-91D3-F7FC122F8BC7}.DemoRelease|Win32.ActiveCfg = Release|Win32
		{C16CD2D1-E0A8-402B-91D3-F7FC122F8BC7}.DemoRelease|Win32.Build.0 = Release|Win32
		{C16CD2D1-E0A8-402B-91D3-F7FC122F8BC7}.Preview1Day|ARM.ActiveCfg = Release|Win32
		{C16CD2D1-E0A8-402B-91D3-F7FC122F8BC7}.Preview1Day|Win32.ActiveCfg = Release|Win32
		{C16CD2D1-E0A8-402B-91D3-F7FC122F8BC7}.Preview1Day|Win32.Build.0 = Release|Win32
		{C16CD2D1-E0A8-402B-91D3-F7FC122F8BC7}.Profile|ARM.ActiveCfg = Release|Win32
		{C16CD2D1-E0A8-402B-91D3-F7FC122F8BC7}.Profile|Win32.ActiveCfg = Release|Win32
		{C16CD2D1-E0A8-402B-91D3-F7FC122F8BC7}.Profile|Win32.Build.0 = Release|Win32
		{C16CD2D1-E0A8-402B-91D3-F7FC122F8BC7}.Release No Debug|ARM.ActiveCfg = Release|Win32
		{C16CD2D1-E0A8-402B-91D3-F7FC122F8BC7}.Release No Debug|Win32.ActiveCfg = Debug|Win32
		{C16CD2D1-E0A8-402B-91D3-F7FC122F8BC7}.Release No Debug|Win32.Build.0 = Debug|Win32
		{C16CD2D1-E0A8-402B-91D3-F7FC122F8BC7}.Release|ARM.ActiveCfg = Release|Win32
		{C16CD2D1-E0A8-402B-91D3-F7FC122F8BC7}.Release|Win32.ActiveCfg = Release|Win32
		{C16CD2D1-E0A8-402B-91D3-F7FC122F8BC7}.Release|Win32.Build.0 = Release|Win32
		{C16CD2D1-E0A8-402B-91D3-F7FC122F8BC7}.Tests|ARM.ActiveCfg = Release|Win32
		{C16CD2D1-E0A8-402B-91D3-F7FC122F8BC7}.Tests|Win32.ActiveCfg = Debug|Win32
		{C16CD2D1-E0A8-402B-91D3-F7FC122F8BC7}.Tests|Win32.Build.0 = Debug|Win32
		{C16CD2D1-E0A8-402B-91D3-F7FC122F8BC7}.Unicode Debug|ARM.ActiveCfg = Debug|Win32
		{C16CD2D1-E0A8-402B-91D3-F7FC122F8BC7}.Unicode Debug|Win32.ActiveCfg = Debug|Win32
		{C16CD2D1-E0A8-402B-91D3-F7FC122F8BC7}.Unicode Debug|Win32.Build.0 = Debug|Win32
		{C16CD2D1-E0A8-402B-91D3-F7FC122F8BC7}.Unicode Release|ARM.ActiveCfg = Release|Win32
		{C16CD2D1-E0A8-402B-91D3-F7FC122F8BC7}.Unicode Release|Win32.ActiveCfg = Release|Win32
		{C16CD2D1-E0A8-402B-91D3-F7FC122F8BC7}.Unicode Release|Win32.Build.0 = Release|Win32
		{8E782BE1-CDDB-445E-B44B-07A9A6BB3743}.Debug|ARM.ActiveCfg = Debug|Win32
		{8E782BE1-CDDB-445E-B44B-07A9A6BB3743}.Debug|Win32.ActiveCfg = Debug|Win32
		{8E782BE1-CDDB-445E-B44B-07A9A6BB3743}.Debug|Win32.Build.0 = Debug|Win32
		{8E782BE1-CDDB-445E-B44B-07A9A6BB3743}.DemoDebug|ARM.ActiveCfg = Debug|Win32
		{8E782BE1-CDDB-445E-B44B-07A9A6BB3743}.DemoDebug|Win32.ActiveCfg = Debug|Win32
		{8E782BE1-CDDB-445E-B44B-07A9A6BB3743}.DemoDebug|Win32.Build.0 = Debug|Win32
		{8E782BE1-CDDB-445E-B44B-07A9A6BB3743}.DemoRelease|ARM.ActiveCfg = Release|Win32
		{8E782BE1-CDDB-445E-B44B-07A9A6BB3743}.DemoRelease|Win32.ActiveCfg = Release|Win32
		{8E782BE1-CDDB-445E-B44B-07A9A6BB3743}.DemoRelease|Win32.Build.0 = Release|Win32
		{8E782BE1-CDDB-445E-B44B-07A9A6BB3743}.Preview1Day|ARM.ActiveCfg = Release|Win32
		{8E782BE1-CDDB-445E-B44B-07A9A6BB3743}.Preview1Day|Win32.ActiveCfg = Release|Win32
		{8E782BE1-CDDB-445E-B44B-07A9A6BB3743}.Preview1Day|Win32.Build.0 = Release|Win32
		{8E782BE1-CDDB-445E-B44B-07A9A6BB3743}.Profile|ARM.ActiveCfg = Release|Win32
		{8E782BE1-CDDB-445E-B44B-07A9A6BB3743}.Profile|Win32.ActiveCfg = Release|Win32
		{8E782BE1-CDDB-445E-B44B-07A9A6BB3743}.Profile|Win32.Build.0 = Release|Win32
		{8E782BE1-CDDB-445E-B44B-07A9A6BB3743}.Release No Debug|ARM.ActiveCfg = Release|Win32
		{8E782BE1-CDDB-445E-B44B-07A9A6BB3743}.Release No Debug|Win32.ActiveCfg = Debug|Win32
		{8E782BE1-CDDB-445E-B44B-07A9A6BB3743}.Release No Debug|Win32.Build.0 = Debug|Win32
		{8E782BE1-CDDB-445E-B44B-07A9A6BB3743}.Release|ARM.ActiveCfg = Release|Win32
		{8E782BE1-CDDB-445E-B44B-07A9A6BB3743}.Release|Win32.ActiveCfg = Release|Win32
		{8E782BE1-CDDB-445E-B44B-07A9A6BB3743}.Release|Win32.Build.0 = Release|Win32
		{8E782BE1-CDDB-445E-B44B-07A9A6BB3743}.Tests|ARM.ActiveCfg = Release|Win32
		{8E782BE1-CDDB-445E-B44B-07A9A6BB3743}.Tests|Win32.ActiveCfg = Debug|Win32
		{8E782BE1-CDDB-445E-B44B-07A9A6BB3743}.Tests|Win32.Build.0 = Debug|Win32
		{8E782BE1-CDDB-445E-B44B-07A9A6BB3743}.Unicode Debug|ARM.ActiveCfg = Debug|Win32
		{8E782BE1-CDDB-445E-B44B-07A9A6BB3743}.Unicode Debug|Win32.ActiveCfg = Debug|Win32
		{8E782BE1-CDDB-445E-B44B-07A9A6BB3743}.Unicode Debug|Win32.Build.0 = Debug|Win32
		{8E782BE1-CDDB-445E-B44B-07A9A6BB3743}.Unicode Release|ARM.ActiveCfg = Release|Win32
		{8E782BE1-CDDB-445E-B44B-07A9A6BB3743}.Unicode Release|Win32.ActiveCfg = Release|Win32
		{8E782BE1-CDDB-445E-B44B-07A9A6BB3743}.Unicode Release|Win32.Build.0 = Release|Win32
		{5E3287C3-0C60-4B95-A9C0-0D6457132E0F}.Debug|ARM.ActiveCfg = Debug|Win32
		{5E3287C3-0C60-4B95-A9C0-0D6457132E0F}.Debug|Win32.ActiveCfg = Debug|Win32
		{5E3287C3-0C60-4B95-A9C0-0D6457132E0F}.Debug|Win32.Build.0 = Debug|Win32
		{5E3287C3-0C60-4B95-A9C0-0D6457132E0F}.DemoDebug|ARM.ActiveCfg = Debug|Win32
		{5E3287C3-0C60-4B95-A9C0-0D6457132E0F}.DemoDebug|Win32.ActiveCfg = Debug|Win32
		{5E3287C3-0C60-4B95-A9C0-0D6457132E0F}.DemoDebug|Win32.Build.0 = Debug|Win32
		{5E3287C3-0C60-4B95-A9C0-0D6457132E0F}.DemoRelease|ARM.ActiveCfg = Release|Win32
		{5E3287C3-0C60-4B95-A9C0-0D6457132E0F}.DemoRelease|Win32.ActiveCfg = Release|Win32
		{5E3287C3-0C60-4B95-A9C0-0D6457132E0F}.DemoRelease|Win32.Build.0 = Release|Win32
		{5E3287C3-0C60-4B95-A9C0-0D6457132E0F}.Preview1Day|ARM.ActiveCfg = Release|Win32
		{5E3287C3-0C60-4B95-A9C0-0D6457132E0F}.Preview1Day|Win32.ActiveCfg = Release|Win32
		{5E3287C3-0C60-4B95-A9C0-0D6457132E0F}.Preview1Day|Win32.Build.0 = Release|Win32
		{5E3287C3-0C60-4B95-A9C0-0D6457132E0F}.Profile|ARM.ActiveCfg = Release|Win32
		{5E3287C3-0C60-4B95-A9C0-0D6457132E0F}.Profile|Win32.ActiveCfg = Release|Win32
		{5E3287C3-0C60-4B95-A9C0-0D6457132E0F}.Profile|Win32.Build.0 = Release|Win32
		{5E3287C3-0C60-4B95-A9C0-0D6457132E0F}.Release No Debug|ARM.ActiveCfg = Release|Win32
		{5E3287C3-0C60-4B95-A9C0-0D6457132E0F}.Release No Debug|Win32.ActiveCfg = Debug|Win32
		{5E3287C3-0C60-4B95-A9C0-0D6457132E0F}.Release No Debug|Win32.Build.0 = Debug|Win32
		{5E3287C3-0C60-4B95-A9C0-0D6457132E0F}.Release|ARM.ActiveCfg = Release|Win32
		{5E3287C3-0C60-4B95-A9C0-0D6457132E0F}.Release|Win32.ActiveCfg = Release|Win32
		{5E3287C3-0C60-4B95-A9C0-0D6457132E0F}.Release|Win32.Build.0 = Release|Win32
		{5E3287C3-0C60-4B95-A9C0-0D6457132E0F}.Tests|ARM.ActiveCfg = Release|Win32
		{5E3287C3-0C60-4B95-A9C0-0D6457132E0F}.Tests|Win32.ActiveCfg = Debug|Win32
		{5E3287C3-0C60-4B95-A9C0-0D6457132E0F}.Tests|Win32.Build.0 = Debug|Win32
		{5E3287C3-0C60-4B95-A9C0-0D6457132E0F}.Unicode Debug|ARM.ActiveCfg = Debug|Win32
		{5E3287C3-0C60-4B95-A9C0-0D6457132E0F}.Unicode Debug|Win32.ActiveCfg = Debug|Win32
		{5E3287C3-0C60-4B95-A9C0-0D6457132E0F}.Unicode Debug|Win32.Build.0 = Debug|Win32
		{5E3287C3-0C60-4B95-A9C0-0D6457132E0F}.Unicode Release|ARM.ActiveCfg = Release|Win32
		{5E3287C3-0C60-4B95-A9C0-0D6457132E0F}.Unicode Release|Win32.ActiveCfg = Release|Win32
		{5E3287C3-0C60-4B95-A9C0-0D6457132E0F}.Unicode Release|Win32.Build.0 = Release|Win32
		{94DB2670-AE5A-4E33-9A8B-D9182A68C5FB}.Debug|ARM.ActiveCfg = Debug|Win32
		{94DB2670-AE5A-4E33-9A8B-D9182A68C5FB}.Debug|Win32.ActiveCfg = Debug|Win32
		{94DB2670-AE5A-4E33-9A8B-D9182A68C5FB}.Debug|Win32.Build.0 = Debug|Win32
		{94DB2670-AE5A-4E33-9A8B-D9182A68C5FB}.DemoDebug|ARM.ActiveCfg = Debug|Win32
		{94DB2670-AE5A-4E33-9A8B-D9182A68C5FB}.DemoDebug|Win32.ActiveCfg = Debug|Win32
		{94DB2670-AE5A-4E33-9A8B-D9182A68C5FB}.DemoDebug|Win32.Build.0 = Debug|Win32
		{94DB2670-AE5A-4E33-9A8B-D9182A68C5FB}.DemoRelease|ARM.ActiveCfg = Release|Win32
		{94DB2670-AE5A-4E33-9A8B-D9182A68C5FB}.DemoRelease|Win32.ActiveCfg = Release|Win32
		{94DB2670-AE5A-4E33-9A8B-D9182A68C5FB}.DemoRelease|Win32.Build.0 = Release|Win32
		{94DB2670-AE5A-4E33-9A8B-D9182A68C5FB}.Preview1Day|ARM.ActiveCfg = Unicode Release|Win32
		{94DB2670-AE5A-4E33-9A8B-D9182A68C5FB}.Preview1Day|Win32.ActiveCfg = Debug|Win32
		{94DB2670-AE5A-4E33-9A8B-D9182A68C5FB}.Preview1Day|Win32.Build.0 = Debug|Win32
		{94DB2670-AE5A-4E33-9A8B-D9182A68C5FB}.Profile|ARM.ActiveCfg = Unicode Release|Win32
		{94DB2670-AE5A-4E33-9A8B-D9182A68C5FB}.Profile|Win32.ActiveCfg = Debug|Win32
		{94DB2670-AE5A-4E33-9A8B-D9182A68C5FB}.Profile|Win32.Build.0 = Debug|Win32
		{94DB2670-AE5A-4E33-9A8B-D9182A68C5FB}.Release No Debug|ARM.ActiveCfg = Release|Win32
		{94DB2670-AE5A-4E33-9A8B-D9182A68C5FB}.Release No Debug|Win32.ActiveCfg = Debug|Win32
		{94DB2670-AE5A-4E33-9A8B-D9182A68C5FB}.Release No Debug|Win32.Build.0 = Debug|Win32
		{94DB2670-AE5A-4E33-9A8B-D9182A68C5FB}.Release|ARM.ActiveCfg = Release|Win32
		{94DB2670-AE5A-4E33-9A8B-D9182A68C5FB}.Release|Win32.ActiveCfg = Release|Win32
		{94DB2670-AE5A-4E33-9A8B-D9182A68C5FB}.Release|Win32.Build.0 = Release|Win32
		{94DB2670-AE5A-4E33-9A8B-D9182A68C5FB}.Tests|ARM.ActiveCfg = Unicode Release|Win32
		{94DB2670-AE5A-4E33-9A8B-D9182A68C5FB}.Tests|Win32.ActiveCfg = Debug|Win32
		{94DB2670-AE5A-4E33-9A8B-D9182A68C5FB}.Tests|Win32.Build.0 = Debug|Win32
		{94DB2670-AE5A-4E33-9A8B-D9182A68C5FB}.Unicode Debug|ARM.ActiveCfg = Unicode Debug|Win32
		{94DB2670-AE5A-4E33-9A8B-D9182A68C5FB}.Unicode Debug|Win32.ActiveCfg = Unicode Debug|Win32
		{94DB2670-AE5A-4E33-9A8B-D9182A68C5FB}.Unicode Debug|Win32.Build.0 = Unicode Debug|Win32
		{94DB2670-AE5A-4E33-9A8B-D9182A68C5FB}.Unicode Release|ARM.ActiveCfg = Unicode Release|Win32
		{94DB2670-AE5A-4E33-9A8B-D9182A68C5FB}.Unicode Release|Win32.ActiveCfg = Unicode Release|Win32
		{94DB2670-AE5A-4E33-9A8B-D9182A68C5FB}.Unicode Release|Win32.Build.0 = Unicode Release|Win32
		{A27F5F75-6763-4966-809E-3ED126E782DD}.Debug|ARM.ActiveCfg = Debug|Win32
		{A27F5F75-6763-4966-809E-3ED126E782DD}.Debug|Win32.ActiveCfg = Debug|Win32
		{A27F5F75-6763-4966-809E-3ED126E782DD}.Debug|Win32.Build.0 = Debug|Win32
		{A27F5F75-6763-4966-809E-3ED126E782DD}.DemoDebug|ARM.ActiveCfg = Debug|Win32
		{A27F5F75-6763-4966-809E-3ED126E782DD}.DemoDebug|Win32.ActiveCfg = Debug|Win32
		{A27F5F75-6763-4966-809E-3ED126E782DD}.DemoDebug|Win32.Build.0 = Debug|Win32
		{A27F5F75-6763-4966-809E-3ED126E782DD}.DemoRelease|ARM.ActiveCfg = Release|Win32
		{A27F5F75-6763-4966-809E-3ED126E782DD}.DemoRelease|Win32.ActiveCfg = Release|Win32
		{A27F5F75-6763-4966-809E-3ED126E782DD}.DemoRelease|Win32.Build.0 = Release|Win32
		{A27F5F75-6763-4966-809E-3ED126E782DD}.Preview1Day|ARM.ActiveCfg = Release|Win32
		{A27F5F75-6763-4966-809E-3ED126E782DD}.Preview1Day|Win32.ActiveCfg = Release|Win32
		{A27F5F75-6763-4966-809E-3ED126E782DD}.Preview1Day|Win32.Build.0 = Release|Win32
		{A27F5F75-6763-4966-809E-3ED126E782DD}.Profile|ARM.ActiveCfg = Release|Win32
		{A27F5F75-6763-4966-809E-3ED126E782DD}.Profile|Win32.ActiveCfg = Release|Win32
		{A27F5F75-6763-4966-809E-3ED126E782DD}.Profile|Win32.Build.0 = Release|Win32
		{A27F5F75-6763-4966-809E-3ED126E782DD}.Release No Debug|ARM.ActiveCfg = Release|Win32
		{A27F5F75-6763-4966-809E-3ED126E782DD}.Release No Debug|Win32.ActiveCfg = Debug|Win32
		{A27F5F75-6763-4966-809E-3ED126E782DD}.Release No Debug|Win32.Build.0 = Debug|Win32
		{A27F5F75-6763-4966-809E-3ED126E782DD}.Release|ARM.ActiveCfg = Release|Win32
		{A27F5F75-6763-4966-809E-3ED126E782DD}.Release|Win32.ActiveCfg = Release|Win32
		{A27F5F75-6763-4966-809E-3ED126E782DD}.Release|Win32.Build.0 = Release|Win32
		{A27F5F75-6763-4966-809E-3ED126E782DD}.Tests|ARM.ActiveCfg = Release|Win32
		{A27F5F75-6763-4966-809E-3ED126E782DD}.Tests|Win32.ActiveCfg = Debug|Win32
		{A27F5F75-6763-4966-809E-3ED126E782DD}.Tests|Win32.Build.0 = Debug|Win32
		{A27F5F75-6763-4966-809E-3ED126E782DD}.Unicode Debug|ARM.ActiveCfg = Debug|Win32
		{A27F5F75-6763-4966-809E-3ED126E782DD}.Unicode Debug|Win32.ActiveCfg = Debug|Win32
		{A27F5F75-6763-4966-809E-3ED126E782DD}.Unicode Debug|Win32.Build.0 = Debug|Win32
		{A27F5F75-6763-4966-809E-3ED126E782DD}.Unicode Release|ARM.ActiveCfg = Release|Win32
		{A27F5F75-6763-4966-809E-3ED126E782DD}.Unicode Release|Win32.ActiveCfg = Release|Win32
		{A27F5F75-6763-4966-809E-3ED126E782DD}.Unicode Release|Win32.Build.0 = Release|Win32
		{D143566B-555B-4D67-B1E7-8456B2A8E829}.Debug|ARM.ActiveCfg = Debug|Win32
		{D143566B-555B-4D67-B1E7-8456B2A8E829}.Debug|Win32.ActiveCfg = Debug|Win32
		{D143566B-555B-4D67-B1E7-8456B2A8E829}.Debug|Win32.Build.0 = Debug|Win32
		{D143566B-555B-4D67-B1E7-8456B2A8E829}.DemoDebug|ARM.ActiveCfg = Debug|Win32
		{D143566B-555B-4D67-B1E7-8456B2A8E829}.DemoDebug|Win32.ActiveCfg = Debug|Win32
		{D143566B-555B-4D67-B1E7-8456B2A8E829}.DemoDebug|Win32.Build.0 = Debug|Win32
		{D143566B-555B-4D67-B1E7-8456B2A8E829}.DemoRelease|ARM.ActiveCfg = Release|Win32
		{D143566B-555B-4D67-B1E7-8456B2A8E829}.DemoRelease|Win32.ActiveCfg = Release|Win32
		{D143566B-555B-4D67-B1E7-8456B2A8E829}.DemoRelease|Win32.Build.0 = Release|Win32
		{D143566B-555B-4D67-B1E7-8456B2A8E829}.Preview1Day|ARM.ActiveCfg = Unicode Release|Win32
		{D143566B-555B-4D67-B1E7-8456B2A8E829}.Preview1Day|Win32.ActiveCfg = Release|Win32
		{D143566B-555B-4D67-B1E7-8456B2A8E829}.Preview1Day|Win32.Build.0 = Release|Win32
		{D143566B-555B-4D67-B1E7-8456B2A8E829}.Profile|ARM.ActiveCfg = Unicode Release|Win32
		{D143566B-555B-4D67-B1E7-8456B2A8E829}.Profile|Win32.ActiveCfg = Release|Win32
		{D143566B-555B-4D67-B1E7-8456B2A8E829}.Profile|Win32.Build.0 = Release|Win32
		{D143566B-555B-4D67-B1E7-8456B2A8E829}.Release No Debug|ARM.ActiveCfg = Release|Win32
		{D143566B-555B-4D67-B1E7-8456B2A8E829}.Release No Debug|Win32.ActiveCfg = Debug|Win32
		{D143566B-555B-4D67-B1E7-8456B2A8E829}.Release No Debug|Win32.Build.0 = Debug|Win32
		{D143566B-555B-4D67-B1E7-8456B2A8E829}.Release|ARM.ActiveCfg = Release|Win32
		{D143566B-555B-4D67-B1E7-8456B2A8E829}.Release|Win32.ActiveCfg = Release|Win32
		{D143566B-555B-4D67-B1E7-8456B2A8E829}.Release|Win32.Build.0 = Release|Win32
		{D143566B-555B-4D67-B1E7-8456B2A8E829}.Tests|ARM.ActiveCfg = Unicode Release|Win32
		{D143566B-555B-4D67-B1E7-8456B2A8E829}.Tests|Win32.ActiveCfg = Debug|Win32
		{D143566B-555B-4D67-B1E7-8456B2A8E829}.Tests|Win32.Build.0 = Debug|Win32
		{D143566B-555B-4D67-B1E7-8456B2A8E829}.Unicode Debug|ARM.ActiveCfg = Unicode Debug|Win32
		{D143566B-555B-4D67-B1E7-8456B2A8E829}.Unicode Debug|Win32.ActiveCfg = Unicode Debug|Win32
		{D143566B-555B-4D67-B1E7-8456B2A8E829}.Unicode Debug|Win32.Build.0 = Unicode Debug|Win32
		{D143566B-555B-4D67-B1E7-8456B2A8E829}.Unicode Release|ARM.ActiveCfg = Unicode Release|Win32
		{D143566B-555B-4D67-B1E7-8456B2A8E829}.Unicode Release|Win32.ActiveCfg = Unicode Release|Win32
		{D143566B-555B-4D67-B1E7-8456B2A8E829}.Unicode Release|Win32.Build.0 = Unicode Release|Win32
		{E43B9FFA-F6C5-4D02-8752-857731F28683}.Debug|ARM.ActiveCfg = Debug|Win32
		{E43B9FFA-F6C5-4D02-8752-857731F28683}.Debug|Win32.ActiveCfg = Debug|Win32
		{E43B9FFA-F6C5-4D02-8752-857731F28683}.Debug|Win32.Build.0 = Debug|Win32
		{E43B9FFA-F6C5-4D02-8752-857731F28683}.DemoDebug|ARM.ActiveCfg = Debug|Win32
		{E43B9FFA-F6C5-4D02-8752-857731F28683}.DemoDebug|Win32.ActiveCfg = Debug|Win32
		{E43B9FFA-F6C5-4D02-8752-857731F28683}.DemoDebug|Win32.Build.0 = Debug|Win32
		{E43B9FFA-F6C5-4D02-8752-857731F28683}.DemoRelease|ARM.ActiveCfg = Release|Win32
		{E43B9FFA-F6C5-4D02-8752-857731F28683}.DemoRelease|Win32.ActiveCfg = Release|Win32
		{E43B9FFA-F6C5-4D02-8752-857731F28683}.DemoRelease|Win32.Build.0 = Release|Win32
		{E43B9FFA-F6C5-4D02-8752-857731F28683}.Preview1Day|ARM.ActiveCfg = Unicode Release|Win32
		{E43B9FFA-F6C5-4D02-8752-857731F28683}.Preview1Day|Win32.ActiveCfg = Debug|Win32
		{E43B9FFA-F6C5-4D02-8752-857731F28683}.Preview1Day|Win32.Build.0 = Debug|Win32
		{E43B9FFA-F6C5-4D02-8752-857731F28683}.Profile|ARM.ActiveCfg = Unicode Release|Win32
		{E43B9FFA-F6C5-4D02-8752-857731F28683}.Profile|Win32.ActiveCfg = Debug|Win32
		{E43B9FFA-F6C5-4D02-8752-857731F28683}.Profile|Win32.Build.0 = Debug|Win32
		{E43B9FFA-F6C5-4D02-8752-857731F28683}.Release No Debug|ARM.ActiveCfg = Release|Win32
		{E43B9FFA-F6C5-4D02-8752-857731F28683}.Release No Debug|Win32.ActiveCfg = Debug|Win32
		{E43B9FFA-F6C5-4D02-8752-857731F28683}.Release No Debug|Win32.Build.0 = Debug|Win32
		{E43B9FFA-F6C5-4D02-8752-857731F28683}.Release|ARM.ActiveCfg = Release|Win32
		{E43B9FFA-F6C5-4D02-8752-857731F28683}.Release|Win32.ActiveCfg = Release|Win32
		{E43B9FFA-F6C5-4D02-8752-857731F28683}.Release|Win32.Build.0 = Release|Win32
		{E43B9FFA-F6C5-4D02-8752-857731F28683}.Tests|ARM.ActiveCfg = Unicode Release|Win32
		{E43B9FFA-F6C5-4D02-8752-857731F28683}.Tests|Win32.ActiveCfg = Debug|Win32
		{E43B9FFA-F6C5-4D02-8752-857731F28683}.Tests|Win32.Build.0 = Debug|Win32
		{E43B9FFA-F6C5-4D02-8752-857731F28683}.Unicode Debug|ARM.ActiveCfg = Unicode Debug|Win32
		{E43B9FFA-F6C5-4D02-8752-857731F28683}.Unicode Debug|Win32.ActiveCfg = Unicode Debug|Win32
		{E43B9FFA-F6C5-4D02-8752-857731F28683}.Unicode Debug|Win32.Build.0 = Unicode Debug|Win32
		{E43B9FFA-F6C5-4D02-8752-857731F28683}.Unicode Release|ARM.ActiveCfg = Unicode Release|Win32
		{E43B9FFA-F6C5-4D02-8752-857731F28683}.Unicode Release|Win32.ActiveCfg = Unicode Release|Win32
		{E43B9FFA-F6C5-4D02-8752-857731F28683}.Unicode Release|Win32.Build.0 = Unicode Release|Win32
		{C5F99DA4-DD72-43BB-B474-A8C0EAC94973}.Debug|ARM.ActiveCfg = Debug|Win32
		{C5F99DA4-DD72-43BB-B474-A8C0EAC94973}.Debug|Win32.ActiveCfg = Debug|Win32
		{C5F99DA4-DD72-43BB-B474-A8C0EAC94973}.Debug|Win32.Build.0 = Debug|Win32
		{C5F99DA4-DD72-43BB-B474-A8C0EAC94973}.DemoDebug|ARM.ActiveCfg = Debug|Win32
		{C5F99DA4-DD72-43BB-B474-A8C0EAC94973}.DemoDebug|Win32.ActiveCfg = Debug|Win32
		{C5F99DA4-DD72-43BB-B474-A8C0EAC94973}.DemoDebug|Win32.Build.0 = Debug|Win32
		{C5F99DA4-DD72-43BB-B474-A8C0EAC94973}.DemoRelease|ARM.ActiveCfg = Release|Win32
		{C5F99DA4-DD72-43BB-B474-A8C0EAC94973}.DemoRelease|Win32.ActiveCfg = Release|Win32
		{C5F99DA4-DD72-43BB-B474-A8C0EAC94973}.DemoRelease|Win32.Build.0 = Release|Win32
		{C5F99DA4-DD72-43BB-B474-A8C0EAC94973}.Preview1Day|ARM.ActiveCfg = Unicode Release|Win32
		{C5F99DA4-DD72-43BB-B474-A8C0EAC94973}.Preview1Day|Win32.ActiveCfg = Debug|Win32
		{C5F99DA4-DD72-43BB-B474-A8C0EAC94973}.Preview1Day|Win32.Build.0 = Debug|Win32
		{C5F99DA4-DD72-43BB-B474-A8C0EAC94973}.Profile|ARM.ActiveCfg = Unicode Release|Win32
		{C5F99DA4-DD72-43BB-B474-A8C0EAC94973}.Profile|Win32.ActiveCfg = Debug|Win32
		{C5F99DA4-DD72-43BB-B474-A8C0EAC94973}.Profile|Win32.Build.0 = Debug|Win32
		{C5F99DA4-DD72-43BB-B474-A8C0EAC94973}.Release No Debug|ARM.ActiveCfg = Release|Win32
		{C5F99DA4-DD72-43BB-B474-A8C0EAC94973}.Release No Debug|Win32.ActiveCfg = Debug|Win32
		{C5F99DA4-DD72-43BB-B474-A8C0EAC94973}.Release No Debug|Win32.Build.0 = Debug|Win32
		{C5F99DA4-DD72-43BB-B474-A8C0EAC94973}.Release|ARM.ActiveCfg = Release|Win32
		{C5F99DA4-DD72-43BB-B474-A8C0EAC94973}.Release|Win32.ActiveCfg = Release|Win32
		{C5F99DA4-DD72-43BB-B474-A8C0EAC94973}.Release|Win32.Build.0 = Release|Win32
		{C5F99DA4-DD72-43BB-B474-A8C0EAC94973}.Tests|ARM.ActiveCfg = Unicode Release|Win32
		{C5F99DA4-DD72-43BB-B474-A8C0EAC94973}.Tests|Win32.ActiveCfg = Debug|Win32
		{C5F99DA4-DD72-43BB-B474-A8C0EAC94973}.Tests|Win32.Build.0 = Debug|Win32
		{C5F99DA4-DD72-43BB-B474-A8C0EAC94973}.Unicode Debug|ARM.ActiveCfg = Unicode Debug|Win32
		{C5F99DA4-DD72-43BB-B474-A8C0EAC94973}.Unicode Debug|Win32.ActiveCfg = Unicode Debug|Win32
		{C5F99DA4-DD72-43BB-B474-A8C0EAC94973}.Unicode Debug|Win32.Build.0 = Unicode Debug|Win32
		{C5F99DA4-DD72-43BB-B474-A8C0EAC94973}.Unicode Release|ARM.ActiveCfg = Unicode Release|Win32
		{C5F99DA4-DD72-43BB-B474-A8C0EAC94973}.Unicode Release|Win32.ActiveCfg = Unicode Release|Win32
		{C5F99DA4-DD72-43BB-B474-A8C0EAC94973}.Unicode Release|Win32.Build.0 = Unicode Release|Win32
		{37F925D0-CDAD-498D-889D-D8B9C1368AA4}.Debug|ARM.ActiveCfg = Debug|Win32
		{37F925D0-CDAD-498D-889D-D8B9C1368AA4}.Debug|Win32.ActiveCfg = Debug|Win32
		{37F925D0-CDAD-498D-889D-D8B9C1368AA4}.Debug|Win32.Build.0 = Debug|Win32
		{37F925D0-CDAD-498D-889D-D8B9C1368AA4}.DemoDebug|ARM.ActiveCfg = Debug|Win32
		{37F925D0-CDAD-498D-889D-D8B9C1368AA4}.DemoDebug|Win32.ActiveCfg = Debug|Win32
		{37F925D0-CDAD-498D-889D-D8B9C1368AA4}.DemoDebug|Win32.Build.0 = Debug|Win32
		{37F925D0-CDAD-498D-889D-D8B9C1368AA4}.DemoRelease|ARM.ActiveCfg = Release|Win32
		{37F925D0-CDAD-498D-889D-D8B9C1368AA4}.DemoRelease|Win32.ActiveCfg = Release|Win32
		{37F925D0-CDAD-498D-889D-D8B9C1368AA4}.DemoRelease|Win32.Build.0 = Release|Win32
		{37F925D0-CDAD-498D-889D-D8B9C1368AA4}.Preview1Day|ARM.ActiveCfg = Unicode Debug|Win32
		{37F925D0-CDAD-498D-889D-D8B9C1368AA4}.Preview1Day|Win32.ActiveCfg = Unicode Release|Win32
		{37F925D0-CDAD-498D-889D-D8B9C1368AA4}.Preview1Day|Win32.Build.0 = Unicode Release|Win32
		{37F925D0-CDAD-498D-889D-D8B9C1368AA4}.Profile|ARM.ActiveCfg = Unicode Debug|Win32
		{37F925D0-CDAD-498D-889D-D8B9C1368AA4}.Profile|Win32.ActiveCfg = Unicode Release|Win32
		{37F925D0-CDAD-498D-889D-D8B9C1368AA4}.Profile|Win32.Build.0 = Unicode Release|Win32
		{37F925D0-CDAD-498D-889D-D8B9C1368AA4}.Release No Debug|ARM.ActiveCfg = Release|Win32
		{37F925D0-CDAD-498D-889D-D8B9C1368AA4}.Release No Debug|Win32.ActiveCfg = Debug|Win32
		{37F925D0-CDAD-498D-889D-D8B9C1368AA4}.Release No Debug|Win32.Build.0 = Debug|Win32
		{37F925D0-CDAD-498D-889D-D8B9C1368AA4}.Release|ARM.ActiveCfg = Release|Win32
		{37F925D0-CDAD-498D-889D-D8B9C1368AA4}.Release|Win32.ActiveCfg = Release|Win32
		{37F925D0-CDAD-498D-889D-D8B9C1368AA4}.Release|Win32.Build.0 = Release|Win32
		{37F925D0-CDAD-498D-889D-D8B9C1368AA4}.Tests|ARM.ActiveCfg = Unicode Debug|Win32
		{37F925D0-CDAD-498D-889D-D8B9C1368AA4}.Tests|Win32.ActiveCfg = Debug|Win32
		{37F925D0-CDAD-498D-889D-D8B9C1368AA4}.Tests|Win32.Build.0 = Debug|Win32
		{37F925D0-CDAD-498D-889D-D8B9C1368AA4}.Unicode Debug|ARM.ActiveCfg = Unicode Debug|Win32
		{37F925D0-CDAD-498D-889D-D8B9C1368AA4}.Unicode Debug|Win32.ActiveCfg = Unicode Debug|Win32
		{37F925D0-CDAD-498D-889D-D8B9C1368AA4}.Unicode Debug|Win32.Build.0 = Unicode Debug|Win32
		{37F925D0-CDAD-498D-889D-D8B9C1368AA4}.Unicode Release|ARM.ActiveCfg = Unicode Release|Win32
		{37F925D0-CDAD-498D-889D-D8B9C1368AA4}.Unicode Release|Win32.ActiveCfg = Unicode Release|Win32
		{37F925D0-CDAD-498D-889D-D8B9C1368AA4}.Unicode Release|Win32.Build.0 = Unicode Release|Win32
		{04C6F073-6085-48EF-858F-58D523F31CDF}.Debug|ARM.ActiveCfg = Debug|Win32
		{04C6F073-6085-48EF-858F-58D523F31CDF}.Debug|Win32.ActiveCfg = Debug|Win32
		{04C6F073-6085-48EF-858F-58D523F31CDF}.Debug|Win32.Build.0 = Debug|Win32
		{04C6F073-6085-48EF-858F-58D523F31CDF}.DemoDebug|ARM.ActiveCfg = Debug|Win32
		{04C6F073-6085-48EF-858F-58D523F31CDF}.DemoDebug|Win32.ActiveCfg = Debug|Win32
		{04C6F073-6085-48EF-858F-58D523F31CDF}.DemoDebug|Win32.Build.0 = Debug|Win32
		{04C6F073-6085-48EF-858F-58D523F31CDF}.DemoRelease|ARM.ActiveCfg = Release|Win32
		{04C6F073-6085-48EF-858F-58D523F31CDF}.DemoRelease|Win32.ActiveCfg = Release|Win32
		{04C6F073-6085-48EF-858F-58D523F31CDF}.DemoRelease|Win32.Build.0 = Release|Win32
		{04C6F073-6085-48EF-858F-58D523F31CDF}.Preview1Day|ARM.ActiveCfg = Unicode Debug|Win32
		{04C6F073-6085-48EF-858F-58D523F31CDF}.Preview1Day|Win32.ActiveCfg = Unicode Release|Win32
		{04C6F073-6085-48EF-858F-58D523F31CDF}.Preview1Day|Win32.Build.0 = Unicode Release|Win32
		{04C6F073-6085-48EF-858F-58D523F31CDF}.Profile|ARM.ActiveCfg = Unicode Debug|Win32
		{04C6F073-6085-48EF-858F-58D523F31CDF}.Profile|Win32.ActiveCfg = Unicode Release|Win32
		{04C6F073-6085-48EF-858F-58D523F31CDF}.Profile|Win32.Build.0 = Unicode Release|Win32
		{04C6F073-6085-48EF-858F-58D523F31CDF}.Release No Debug|ARM.ActiveCfg = Release|Win32
		{04C6F073-6085-48EF-858F-58D523F31CDF}.Release No Debug|Win32.ActiveCfg = Debug|Win32
		{04C6F073-6085-48EF-858F-58D523F31CDF}.Release No Debug|Win32.Build.0 = Debug|Win32
		{04C6F073-6085-48EF-858F-58D523F31CDF}.Release|ARM.ActiveCfg = Release|Win32
		{04C6F073-6085-48EF-858F-58D523F31CDF}.Release|Win32.ActiveCfg = Release|Win32
		{04C6F073-6085-48EF-858F-58D523F31CDF}.Release|Win32.Build.0 = Release|Win32
		{04C6F073-6085-48EF-858F-58D523F31CDF}.Tests|ARM.ActiveCfg = Unicode Debug|Win32
		{04C6F073-6085-48EF-858F-58D523F31CDF}.Tests|Win32.ActiveCfg = Debug|Win32
		{04C6F073-6085-48EF-858F-58D523F31CDF}.Tests|Win32.Build.0 = Debug|Win32
		{04C6F073-6085-48EF-858F-58D523F31CDF}.Unicode Debug|ARM.ActiveCfg = Unicode Debug|Win32
		{04C6F073-6085-48EF-858F-58D523F31CDF}.Unicode Debug|Win32.ActiveCfg = Unicode Debug|Win32
		{04C6F073-6085-48EF-858F-58D523F31CDF}.Unicode Debug|Win32.Build.0 = Unicode Debug|Win32
		{04C6F073-6085-48EF-858F-58D523F31CDF}.Unicode Release|ARM.ActiveCfg = Unicode Release|Win32
		{04C6F073-6085-48EF-858F-58D523F31CDF}.Unicode Release|Win32.ActiveCfg = Unicode Release|Win32
		{04C6F073-6085-48EF-858F-58D523F31CDF}.Unicode Release|Win32.Build.0 = Unicode Release|Win32
		{E61D1641-6FBD-47C2-A4A5-790CADDC635C}.Debug|ARM.ActiveCfg = Debug|Win32
		{E61D1641-6FBD-47C2-A4A5-790CADDC635C}.Debug|Win32.ActiveCfg = Debug|Win32
		{E61D1641-6FBD-47C2-A4A5-790CADDC635C}.Debug|Win32.Build.0 = Debug|Win32
		{E61D1641-6FBD-47C2-A4A5-790CADDC635C}.DemoDebug|ARM.ActiveCfg = Debug|Win32
		{E61D1641-6FBD-47C2-A4A5-790CADDC635C}.DemoDebug|Win32.ActiveCfg = Debug|Win32
		{E61D1641-6FBD-47C2-A4A5-790CADDC635C}.DemoDebug|Win32.Build.0 = Debug|Win32
		{E61D1641-6FBD-47C2-A4A5-790CADDC635C}.DemoRelease|ARM.ActiveCfg = Release|Win32
		{E61D1641-6FBD-47C2-A4A5-790CADDC635C}.DemoRelease|Win32.ActiveCfg = Release|Win32
		{E61D1641-6FBD-47C2-A4A5-790CADDC635C}.DemoRelease|Win32.Build.0 = Release|Win32
		{E61D1641-6FBD-47C2-A4A5-790CADDC635C}.Preview1Day|ARM.ActiveCfg = Unicode Release|Win32
		{E61D1641-6FBD-47C2-A4A5-790CADDC635C}.Preview1Day|Win32.ActiveCfg = Unicode Debug|Win32
		{E61D1641-6FBD-47C2-A4A5-790CADDC635C}.Preview1Day|Win32.Build.0 = Unicode Debug|Win32
		{E61D1641-6FBD-47C2-A4A5-790CADDC635C}.Profile|ARM.ActiveCfg = Unicode Release|Win32
		{E61D1641-6FBD-47C2-A4A5-790CADDC635C}.Profile|Win32.ActiveCfg = Unicode Debug|Win32
		{E61D1641-6FBD-47C2-A4A5-790CADDC635C}.Profile|Win32.Build.0 = Unicode Debug|Win32
		{E61D1641-6FBD-47C2-A4A5-790CADDC635C}.Release No Debug|ARM.ActiveCfg = Release|Win32
		{E61D1641-6FBD-47C2-A4A5-790CADDC635C}.Release No Debug|Win32.ActiveCfg = Debug|Win32
		{E61D1641-6FBD-47C2-A4A5-790CADDC635C}.Release No Debug|Win32.Build.0 = Debug|Win32
		{E61D1641-6FBD-47C2-A4A5-790CADDC635C}.Release|ARM.ActiveCfg = Release|Win32
		{E61D1641-6FBD-47C2-A4A5-790CADDC635C}.Release|Win32.ActiveCfg = Release|Win32
		{E61D1641-6FBD-47C2-A4A5-790CADDC635C}.Release|Win32.Build.0 = Release|Win32
		{E61D1641-6FBD-47C2-A4A5-790CADDC635C}.Tests|ARM.ActiveCfg = Unicode Release|Win32
		{E61D1641-6FBD-47C2-A4A5-790CADDC635C}.Tests|Win32.ActiveCfg = Debug|Win32
		{E61D1641-6FBD-47C2-A4A5-790CADDC635C}.Tests|Win32.Build.0 = Debug|Win32
		{E61D1641-6FBD-47C2-A4A5-790CADDC635C}.Unicode Debug|ARM.ActiveCfg = Unicode Debug|Win32
		{E61D1641-6FBD-47C2-A4A5-790CADDC635C}.Unicode Debug|Win32.ActiveCfg = Unicode Debug|Win32
		{E61D1641-6FBD-47C2-A4A5-790CADDC635C}.Unicode Debug|Win32.Build.0 = Unicode Debug|Win32
		{E61D1641-6FBD-47C2-A4A5-790CADDC635C}.Unicode Release|ARM.ActiveCfg = Unicode Release|Win32
		{E61D1641-6FBD-47C2-A4A5-790CADDC635C}.Unicode Release|Win32.ActiveCfg = Unicode Release|Win32
		{E61D1641-6FBD-47C2-A4A5-790CADDC635C}.Unicode Release|Win32.Build.0 = Unicode Release|Win32
		{C8E68169-3CEA-4238-907A-8A6621E397B5}.Debug|ARM.ActiveCfg = Debug|Win32
		{C8E68169-3CEA-4238-907A-8A6621E397B5}.Debug|Win32.ActiveCfg = Debug|Win32
		{C8E68169-3CEA-4238-907A-8A6621E397B5}.Debug|Win32.Build.0 = Debug|Win32
		{C8E68169-3CEA-4238-907A-8A6621E397B5}.DemoDebug|ARM.ActiveCfg = Debug|Win32
		{C8E68169-3CEA-4238-907A-8A6621E397B5}.DemoDebug|Win32.ActiveCfg = Debug|Win32
		{C8E68169-3CEA-4238-907A-8A6621E397B5}.DemoDebug|Win32.Build.0 = Debug|Win32
		{C8E68169-3CEA-4238-907A-8A6621E397B5}.DemoRelease|ARM.ActiveCfg = Release|Win32
		{C8E68169-3CEA-4238-907A-8A6621E397B5}.DemoRelease|Win32.ActiveCfg = Release|Win32
		{C8E68169-3CEA-4238-907A-8A6621E397B5}.DemoRelease|Win32.Build.0 = Release|Win32
		{C8E68169-3CEA-4238-907A-8A6621E397B5}.Preview1Day|ARM.ActiveCfg = Unicode Debug|Win32
		{C8E68169-3CEA-4238-907A-8A6621E397B5}.Preview1Day|Win32.ActiveCfg = Unicode Release|Win32
		{C8E68169-3CEA-4238-907A-8A6621E397B5}.Preview1Day|Win32.Build.0 = Unicode Release|Win32
		{C8E68169-3CEA-4238-907A-8A6621E397B5}.Profile|ARM.ActiveCfg = Unicode Debug|Win32
		{C8E68169-3CEA-4238-907A-8A6621E397B5}.Profile|Win32.ActiveCfg = Unicode Release|Win32
		{C8E68169-3CEA-4238-907A-8A6621E397B5}.Profile|Win32.Build.0 = Unicode Release|Win32
		{C8E68169-3CEA-4238-907A-8A6621E397B5}.Release No Debug|ARM.ActiveCfg = Release|Win32
		{C8E68169-3CEA-4238-907A-8A6621E397B5}.Release No Debug|Win32.ActiveCfg = Debug|Win32
		{C8E68169-3CEA-4238-907A-8A6621E397B5}.Release No Debug|Win32.Build.0 = Debug|Win32
		{C8E68169-3CEA-4238-907A-8A6621E397B5}.Release|ARM.ActiveCfg = Release|Win32
		{C8E68169-3CEA-4238-907A-8A6621E397B5}.Release|Win32.ActiveCfg = Release|Win32
		{C8E68169-3CEA-4238-907A-8A6621E397B5}.Release|Win32.Build.0 = Release|Win32
		{C8E68169-3CEA-4238-907A-8A6621E397B5}.Tests|ARM.ActiveCfg = Unicode Debug|Win32
		{C8E68169-3CEA-4238-907A-8A6621E397B5}.Tests|Win32.ActiveCfg = Debug|Win32
		{C8E68169-3CEA-4238-907A-8A6621E397B5}.Tests|Win32.Build.0 = Debug|Win32
		{C8E68169-3CEA-4238-907A-8A6621E397B5}.Unicode Debug|ARM.ActiveCfg = Unicode Debug|Win32
		{C8E68169-3CEA-4238-907A-8A6621E397B5}.Unicode Debug|Win32.ActiveCfg = Unicode Debug|Win32
		{C8E68169-3CEA-4238-907A-8A6621E397B5}.Unicode Debug|Win32.Build.0 = Unicode Debug|Win32
		{C8E68169-3CEA-4238-907A-8A6621E397B5}.Unicode Release|ARM.ActiveCfg = Unicode Release|Win32
		{C8E68169-3CEA-4238-907A-8A6621E397B5}.Unicode Release|Win32.ActiveCfg = Unicode Release|Win32
		{C8E68169-3CEA-4238-907A-8A6621E397B5}.Unicode Release|Win32.Build.0 = Unicode Release|Win32
		{7305B889-18F6-4A36-8DFF-43CAF305C758}.Debug|ARM.ActiveCfg = Debug|Win32
		{7305B889-18F6-4A36-8DFF-43CAF305C758}.Debug|Win32.ActiveCfg = Debug|Win32
		{7305B889-18F6-4A36-8DFF-43CAF305C758}.Debug|Win32.Build.0 = Debug|Win32
		{7305B889-18F6-4A36-8DFF-43CAF305C758}.DemoDebug|ARM.ActiveCfg = Debug|Win32
		{7305B889-18F6-4A36-8DFF-43CAF305C758}.DemoDebug|Win32.ActiveCfg = Debug|Win32
		{7305B889-18F6-4A36-8DFF-43CAF305C758}.DemoDebug|Win32.Build.0 = Debug|Win32
		{7305B889-18F6-4A36-8DFF-43CAF305C758}.DemoRelease|ARM.ActiveCfg = Release|Win32
		{7305B889-18F6-4A36-8DFF-43CAF305C758}.DemoRelease|Win32.ActiveCfg = Release|Win32
		{7305B889-18F6-4A36-8DFF-43CAF305C758}.DemoRelease|Win32.Build.0 = Release|Win32
		{7305B889-18F6-4A36-8DFF-43CAF305C758}.Preview1Day|ARM.ActiveCfg = Unicode Release|Win32
		{7305B889-18F6-4A36-8DFF-43CAF305C758}.Preview1Day|Win32.ActiveCfg = Release|Win32
		{7305B889-18F6-4A36-8DFF-43CAF305C758}.Preview1Day|Win32.Build.0 = Release|Win32
		{7305B889-18F6-4A36-8DFF-43CAF305C758}.Profile|ARM.ActiveCfg = Unicode Release|Win32
		{7305B889-18F6-4A36-8DFF-43CAF305C758}.Profile|Win32.ActiveCfg = Release|Win32
		{7305B889-18F6-4A36-8DFF-43CAF305C758}.Profile|Win32.Build.0 = Release|Win32
		{7305B889-18F6-4A36-8DFF-43CAF305C758}.Release No Debug|ARM.ActiveCfg = Release|Win32
		{7305B889-18F6-4A36-8DFF-43CAF305C758}.Release No Debug|Win32.ActiveCfg = Debug|Win32
		{7305B889-18F6-4A36-8DFF-43CAF305C758}.Release No Debug|Win32.Build.0 = Debug|Win32
		{7305B889-18F6-4A36-8DFF-43CAF305C758}.Release|ARM.ActiveCfg = Release|Win32
		{7305B889-18F6-4A36-8DFF-43CAF305C758}.Release|Win32.ActiveCfg = Release|Win32
		{7305B889-18F6-4A36-8DFF-43CAF305C758}.Release|Win32.Build.0 = Release|Win32
		{7305B889-18F6-4A36-8DFF-43CAF305C758}.Tests|ARM.ActiveCfg = Unicode Release|Win32
		{7305B889-18F6-4A36-8DFF-43CAF305C758}.Tests|Win32.ActiveCfg = Debug|Win32
		{7305B889-18F6-4A36-8DFF-43CAF305C758}.Tests|Win32.Build.0 = Debug|Win32
		{7305B889-18F6-4A36-8DFF-43CAF305C758}.Unicode Debug|ARM.ActiveCfg = Unicode Debug|Win32
		{7305B889-18F6-4A36-8DFF-43CAF305C758}.Unicode Debug|Win32.ActiveCfg = Unicode Debug|Win32
		{7305B889-18F6-4A36-8DFF-43CAF305C758}.Unicode Debug|Win32.Build.0 = Unicode Debug|Win32
		{7305B889-18F6-4A36-8DFF-43CAF305C758}.Unicode Release|ARM.ActiveCfg = Unicode Release|Win32
		{7305B889-18F6-4A36-8DFF-43CAF305C758}.Unicode Release|Win32.ActiveCfg = Unicode Release|Win32
		{7305B889-18F6-4A36-8DFF-43CAF305C758}.Unicode Release|Win32.Build.0 = Unicode Release|Win32
		{5027C1D5-921F-4E44-9416-B145C0DC022C}.Debug|ARM.ActiveCfg = Debug|Win32
		{5027C1D5-921F-4E44-9416-B145C0DC022C}.Debug|Win32.ActiveCfg = Debug|Win32
		{5027C1D5-921F-4E44-9416-B145C0DC022C}.Debug|Win32.Build.0 = Debug|Win32
		{5027C1D5-921F-4E44-9416-B145C0DC022C}.DemoDebug|ARM.ActiveCfg = Debug|Win32
		{5027C1D5-921F-4E44-9416-B145C0DC022C}.DemoDebug|Win32.ActiveCfg = Debug|Win32
		{5027C1D5-921F-4E44-9416-B145C0DC022C}.DemoDebug|Win32.Build.0 = Debug|Win32
		{5027C1D5-921F-4E44-9416-B145C0DC022C}.DemoRelease|ARM.ActiveCfg = Release|Win32
		{5027C1D5-921F-4E44-9416-B145C0DC022C}.DemoRelease|Win32.ActiveCfg = Release|Win32
		{5027C1D5-921F-4E44-9416-B145C0DC022C}.DemoRelease|Win32.Build.0 = Release|Win32
		{5027C1D5-921F-4E44-9416-B145C0DC022C}.Preview1Day|ARM.ActiveCfg = Unicode Release|Win32
		{5027C1D5-921F-4E44-9416-B145C0DC022C}.Preview1Day|Win32.ActiveCfg = Release|Win32
		{5027C1D5-921F-4E44-9416-B145C0DC022C}.Preview1Day|Win32.Build.0 = Release|Win32
		{5027C1D5-921F-4E44-9416-B145C0DC022C}.Profile|ARM.ActiveCfg = Unicode Release|Win32
		{5027C1D5-921F-4E44-9416-B145C0DC022C}.Profile|Win32.ActiveCfg = Release|Win32
		{5027C1D5-921F-4E44-9416-B145C0DC022C}.Profile|Win32.Build.0 = Release|Win32
		{5027C1D5-921F-4E44-9416-B145C0DC022C}.Release No Debug|ARM.ActiveCfg = Release|Win32
		{5027C1D5-921F-4E44-9416-B145C0DC022C}.Release No Debug|Win32.ActiveCfg = Debug|Win32
		{5027C1D5-921F-4E44-9416-B145C0DC022C}.Release No Debug|Win32.Build.0 = Debug|Win32
		{5027C1D5-921F-4E44-9416-B145C0DC022C}.Release|ARM.ActiveCfg = Release|Win32
		{5027C1D5-921F-4E44-9416-B145C0DC022C}.Release|Win32.ActiveCfg = Release|Win32
		{5027C1D5-921F-4E44-9416-B145C0DC022C}.Release|Win32.Build.0 = Release|Win32
		{5027C1D5-921F-4E44-9416-B145C0DC022C}.Tests|ARM.ActiveCfg = Unicode Release|Win32
		{5027C1D5-921F-4E44-9416-B145C0DC022C}.Tests|Win32.ActiveCfg = Debug|Win32
		{5027C1D5-921F-4E44-9416-B145C0DC022C}.Tests|Win32.Build.0 = Debug|Win32
		{5027C1D5-921F-4E44-9416-B145C0DC022C}.Unicode Debug|ARM.ActiveCfg = Unicode Debug|Win32
		{5027C1D5-921F-4E44-9416-B145C0DC022C}.Unicode Debug|Win32.ActiveCfg = Unicode Debug|Win32
		{5027C1D5-921F-4E44-9416-B145C0DC022C}.Unicode Debug|Win32.Build.0 = Unicode Debug|Win32
		{5027C1D5-921F-4E44-9416-B145C0DC022C}.Unicode Release|ARM.ActiveCfg = Unicode Release|Win32
		{5027C1D5-921F-4E44-9416-B145C0DC022C}.Unicode Release|Win32.ActiveCfg = Unicode Release|Win32
		{5027C1D5-921F-4E44-9416-B145C0DC022C}.Unicode Release|Win32.Build.0 = Unicode Release|Win32
		{86567A17-FE24-4DA8-91B9-A676817939F0}.Debug|ARM.ActiveCfg = Debug|Win32
		{86567A17-FE24-4DA8-91B9-A676817939F0}.Debug|Win32.ActiveCfg = Debug|Win32
		{86567A17-FE24-4DA8-91B9-A676817939F0}.Debug|Win32.Build.0 = Debug|Win32
		{86567A17-FE24-4DA8-91B9-A676817939F0}.DemoDebug|ARM.ActiveCfg = Debug|Win32
		{86567A17-FE24-4DA8-91B9-A676817939F0}.DemoDebug|Win32.ActiveCfg = Debug|Win32
		{86567A17-FE24-4DA8-91B9-A676817939F0}.DemoDebug|Win32.Build.0 = Debug|Win32
		{86567A17-FE24-4DA8-91B9-A676817939F0}.DemoRelease|ARM.ActiveCfg = Release|Win32
		{86567A17-FE24-4DA8-91B9-A676817939F0}.DemoRelease|Win32.ActiveCfg = Release|Win32
		{86567A17-FE24-4DA8-91B9-A676817939F0}.DemoRelease|Win32.Build.0 = Release|Win32
		{86567A17-FE24-4DA8-91B9-A676817939F0}.Preview1Day|ARM.ActiveCfg = Unicode Release|Win32
		{86567A17-FE24-4DA8-91B9-A676817939F0}.Preview1Day|Win32.ActiveCfg = Release|Win32
		{86567A17-FE24-4DA8-91B9-A676817939F0}.Preview1Day|Win32.Build.0 = Release|Win32
		{86567A17-FE24-4DA8-91B9-A676817939F0}.Profile|ARM.ActiveCfg = Unicode Release|Win32
		{86567A17-FE24-4DA8-91B9-A676817939F0}.Profile|Win32.ActiveCfg = Release|Win32
		{86567A17-FE24-4DA8-91B9-A676817939F0}.Profile|Win32.Build.0 = Release|Win32
		{86567A17-FE24-4DA8-91B9-A676817939F0}.Release No Debug|ARM.ActiveCfg = Release|Win32
		{86567A17-FE24-4DA8-91B9-A676817939F0}.Release No Debug|Win32.ActiveCfg = Debug|Win32
		{86567A17-FE24-4DA8-91B9-A676817939F0}.Release No Debug|Win32.Build.0 = Debug|Win32
		{86567A17-FE24-4DA8-91B9-A676817939F0}.Release|ARM.ActiveCfg = Release|Win32
		{86567A17-FE24-4DA8-91B9-A676817939F0}.Release|Win32.ActiveCfg = Release|Win32
		{86567A17-FE24-4DA8-91B9-A676817939F0}.Release|Win32.Build.0 = Release|Win32
		{86567A17-FE24-4DA8-91B9-A676817939F0}.Tests|ARM.ActiveCfg = Unicode Release|Win32
		{86567A17-FE24-4DA8-91B9-A676817939F0}.Tests|Win32.ActiveCfg = Debug|Win32
		{86567A17-FE24-4DA8-91B9-A676817939F0}.Tests|Win32.Build.0 = Debug|Win32
		{86567A17-FE24-4DA8-91B9-A676817939F0}.Unicode Debug|ARM.ActiveCfg = Unicode Debug|Win32
		{86567A17-FE24-4DA8-91B9-A676817939F0}.Unicode Debug|Win32.ActiveCfg = Unicode Debug|Win32
		{86567A17-FE24-4DA8-91B9-A676817939F0}.Unicode Debug|Win32.Build.0 = Unicode Debug|Win32
		{86567A17-FE24-4DA8-91B9-A676817939F0}.Unicode Release|ARM.ActiveCfg = Unicode Release|Win32
		{86567A17-FE24-4DA8-91B9-A676817939F0}.Unicode Release|Win32.ActiveCfg = Unicode Release|Win32
		{86567A17-FE24-4DA8-91B9-A676817939F0}.Unicode Release|Win32.Build.0 = Unicode Release|Win32
		{9B39E648-8CEB-4732-842A-09E74FF2F774}.Debug|ARM.ActiveCfg = Debug|Win32
		{9B39E648-8CEB-4732-842A-09E74FF2F774}.Debug|Win32.ActiveCfg = Debug|Win32
		{9B39E648-8CEB-4732-842A-09E74FF2F774}.Debug|Win32.Build.0 = Debug|Win32
		{9B39E648-8CEB-4732-842A-09E74FF2F774}.DemoDebug|ARM.ActiveCfg = Debug|Win32
		{9B39E648-8CEB-4732-842A-09E74FF2F774}.DemoDebug|Win32.ActiveCfg = Debug|Win32
		{9B39E648-8CEB-4732-842A-09E74FF2F774}.DemoDebug|Win32.Build.0 = Debug|Win32
		{9B39E648-8CEB-4732-842A-09E74FF2F774}.DemoRelease|ARM.ActiveCfg = Release|Win32
		{9B39E648-8CEB-4732-842A-09E74FF2F774}.DemoRelease|Win32.ActiveCfg = Release|Win32
		{9B39E648-8CEB-4732-842A-09E74FF2F774}.DemoRelease|Win32.Build.0 = Release|Win32
		{9B39E648-8CEB-4732-842A-09E74FF2F774}.Preview1Day|ARM.ActiveCfg = Release|Win32
		{9B39E648-8CEB-4732-842A-09E74FF2F774}.Preview1Day|Win32.ActiveCfg = Release|Win32
		{9B39E648-8CEB-4732-842A-09E74FF2F774}.Preview1Day|Win32.Build.0 = Release|Win32
		{9B39E648-8CEB-4732-842A-09E74FF2F774}.Profile|ARM.ActiveCfg = Release|Win32
		{9B39E648-8CEB-4732-842A-09E74FF2F774}.Profile|Win32.ActiveCfg = Release|Win32
		{9B39E648-8CEB-4732-842A-09E74FF2F774}.Profile|Win32.Build.0 = Release|Win32
		{9B39E648-8CEB-4732-842A-09E74FF2F774}.Release No Debug|ARM.ActiveCfg = Release|Win32
		{9B39E648-8CEB-4732-842A-09E74FF2F774}.Release No Debug|Win32.ActiveCfg = Release|Win32
		{9B39E648-8CEB-4732-842A-09E74FF2F774}.Release No Debug|Win32.Build.0 = Release|Win32
		{9B39E648-8CEB-4732-842A-09E74FF2F774}.Release|ARM.ActiveCfg = Release|Win32
		{9B39E648-8CEB-4732-842A-09E74FF2F774}.Release|Win32.ActiveCfg = Release|Win32
		{9B39E648-8CEB-4732-842A-09E74FF2F774}.Release|Win32.Build.0 = Release|Win32
		{9B39E648-8CEB-4732-842A-09E74FF2F774}.Tests|ARM.ActiveCfg = Release|Win32
		{9B39E648-8CEB-4732-842A-09E74FF2F774}.Tests|Win32.ActiveCfg = Debug|Win32
		{9B39E648-8CEB-4732-842A-09E74FF2F774}.Tests|Win32.Build.0 = Debug|Win32
		{9B39E648-8CEB-4732-842A-09E74FF2F774}.Unicode Debug|ARM.ActiveCfg = Debug|Win32
		{9B39E648-8CEB-4732-842A-09E74FF2F774}.Unicode Debug|Win32.ActiveCfg = Debug|Win32
		{9B39E648-8CEB-4732-842A-09E74FF2F774}.Unicode Debug|Win32.Build.0 = Debug|Win32
		{9B39E648-8CEB-4732-842A-09E74FF2F774}.Unicode Release|ARM.ActiveCfg = Release|Win32
		{9B39E648-8CEB-4732-842A-09E74FF2F774}.Unicode Release|Win32.ActiveCfg = Release|Win32
		{9B39E648-8CEB-4732-842A-09E74FF2F774}.Unicode Release|Win32.Build.0 = Release|Win32
		{64A4FEFE-0461-4E95-8CC1-91EF5F57DBC6}.Debug|ARM.ActiveCfg = Debug|Win32
		{64A4FEFE-0461-4E95-8CC1-91EF5F57DBC6}.Debug|Win32.ActiveCfg = Debug|Win32
		{64A4FEFE-0461-4E95-8CC1-91EF5F57DBC6}.Debug|Win32.Build.0 = Debug|Win32
		{64A4FEFE-0461-4E95-8CC1-91EF5F57DBC6}.DemoDebug|ARM.ActiveCfg = Debug|Win32
		{64A4FEFE-0461-4E95-8CC1-91EF5F57DBC6}.DemoDebug|Win32.ActiveCfg = Debug|Win32
		{64A4FEFE-0461-4E95-8CC1-91EF5F57DBC6}.DemoDebug|Win32.Build.0 = Debug|Win32
		{64A4FEFE-0461-4E95-8CC1-91EF5F57DBC6}.DemoRelease|ARM.ActiveCfg = Release|Win32
		{64A4FEFE-0461-4E95-8CC1-91EF5F57DBC6}.DemoRelease|Win32.ActiveCfg = Release|Win32
		{64A4FEFE-0461-4E95-8CC1-91EF5F57DBC6}.DemoRelease|Win32.Build.0 = Release|Win32
		{64A4FEFE-0461-4E95-8CC1-91EF5F57DBC6}.Preview1Day|ARM.ActiveCfg = Release|Win32
		{64A4FEFE-0461-4E95-8CC1-91EF5F57DBC6}.Preview1Day|Win32.ActiveCfg = Release|Win32
		{64A4FEFE-0461-4E95-8CC1-91EF5F57DBC6}.Preview1Day|Win32.Build.0 = Release|Win32
		{64A4FEFE-0461-4E95-8CC1-91EF5F57DBC6}.Profile|ARM.ActiveCfg = Release|Win32
		{64A4FEFE-0461-4E95-8CC1-91EF5F57DBC6}.Profile|Win32.ActiveCfg = Release|Win32
		{64A4FEFE-0461-4E95-8CC1-91EF5F57DBC6}.Profile|Win32.Build.0 = Release|Win32
		{64A4FEFE-0461-4E95-8CC1-91EF5F57DBC6}.Release No Debug|ARM.ActiveCfg = Release|Win32
		{64A4FEFE-0461-4E95-8CC1-91EF5F57DBC6}.Release No Debug|Win32.ActiveCfg = Release|Win32
		{64A4FEFE-0461-4E95-8CC1-91EF5F57DBC6}.Release No Debug|Win32.Build.0 = Release|Win32
		{64A4FEFE-0461-4E95-8CC1-91EF5F57DBC6}.Release|ARM.ActiveCfg = Release|Win32
		{64A4FEFE-0461-4E95-8CC1-91EF5F57DBC6}.Release|Win32.ActiveCfg = Release|Win32
		{64A4FEFE-0461-4E95-8CC1-91EF5F57DBC6}.Release|Win32.Build.0 = Release|Win32
		{64A4FEFE-0461-4E95-8CC1-91EF5F57DBC6}.Tests|ARM.ActiveCfg = Release|Win32
		{64A4FEFE-0461-4E95-8CC1-91EF5F57DBC6}.Tests|Win32.ActiveCfg = Debug|Win32
		{64A4FEFE-0461-4E95-8CC1-91EF5F57DBC6}.Tests|Win32.Build.0 = Debug|Win32
		{64A4FEFE-0461-4E95-8CC1-91EF5F57DBC6}.Unicode Debug|ARM.ActiveCfg = Debug|Win32
		{64A4FEFE-0461-4E95-8CC1-91EF5F57DBC6}.Unicode Debug|Win32.ActiveCfg = Debug|Win32
		{64A4FEFE-0461-4E95-8CC1-91EF5F57DBC6}.Unicode Debug|Win32.Build.0 = Debug|Win32
		{64A4FEFE-0461-4E95-8CC1-91EF5F57DBC6}.Unicode Release|ARM.ActiveCfg = Release|Win32
		{64A4FEFE-0461-4E95-8CC1-91EF5F57DBC6}.Unicode Release|Win32.ActiveCfg = Release|Win32
		{64A4FEFE-0461-4E95-8CC1-91EF5F57DBC6}.Unicode Release|Win32.Build.0 = Release|Win32
		{9CCC3439-309E-4E85-B3B8-CE704D385D48}.Debug|ARM.ActiveCfg = Debug|Win32
		{9CCC3439-309E-4E85-B3B8-CE704D385D48}.Debug|Win32.ActiveCfg = Debug|Win32
		{9CCC3439-309E-4E85-B3B8-CE704D385D48}.Debug|Win32.Build.0 = Debug|Win32
		{9CCC3439-309E-4E85-B3B8-CE704D385D48}.DemoDebug|ARM.ActiveCfg = Debug|Win32
		{9CCC3439-309E-4E85-B3B8-CE704D385D48}.DemoDebug|Win32.ActiveCfg = Debug|Win32
		{9CCC3439-309E-4E85-B3B8-CE704D385D48}.DemoDebug|Win32.Build.0 = Debug|Win32
		{9CCC3439-309E-4E85-B3B8-CE704D385D48}.DemoRelease|ARM.ActiveCfg = Release|Win32
		{9CCC3439-309E-4E85-B3B8-CE704D385D48}.DemoRelease|Win32.ActiveCfg = Release|Win32
		{9CCC3439-309E-4E85-B3B8-CE704D385D48}.DemoRelease|Win32.Build.0 = Release|Win32
		{9CCC3439-309E-4E85-B3B8-CE704D385D48}.Preview1Day|ARM.ActiveCfg = Release|Win32
		{9CCC3439-309E-4E85-B3B8-CE704D385D48}.Preview1Day|Win32.ActiveCfg = Release|Win32
		{9CCC3439-309E-4E85-B3B8-CE704D385D48}.Preview1Day|Win32.Build.0 = Release|Win32
		{9CCC3439-309E-4E85-B3B8-CE704D385D48}.Profile|ARM.ActiveCfg = Release|Win32
		{9CCC3439-309E-4E85-B3B8-CE704D385D48}.Profile|Win32.ActiveCfg = Release|Win32
		{9CCC3439-309E-4E85-B3B8-CE704D385D48}.Profile|Win32.Build.0 = Release|Win32
		{9CCC3439-309E-4E85-B3B8-CE704D385D48}.Release No Debug|ARM.ActiveCfg = Release|Win32
		{9CCC3439-309E-4E85-B3B8-CE704D385D48}.Release No Debug|Win32.ActiveCfg = Release|Win32
		{9CCC3439-309E-4E85-B3B8-CE704D385D48}.Release No Debug|Win32.Build.0 = Release|Win32
		{9CCC3439-309E-4E85-B3B8-CE704D385D48}.Release|ARM.ActiveCfg = Release|Win32
		{9CCC3439-309E-4E85-B3B8-CE704D385D48}.Release|Win32.ActiveCfg = Release|Win32
		{9CCC3439-309E-4E85-B3B8-CE704D385D48}.Release|Win32.Build.0 = Release|Win32
		{9CCC3439-309E-4E85-B3B8-CE704D385D48}.Tests|ARM.ActiveCfg = Release|Win32
		{9CCC3439-309E-4E85-B3B8-CE704D385D48}.Tests|Win32.ActiveCfg = Debug|Win32
		{9CCC3439-309E-4E85-B3B8-CE704D385D48}.Tests|Win32.Build.0 = Debug|Win32
		{9CCC3439-309E-4E85-B3B8-CE704D385D48}.Unicode Debug|ARM.ActiveCfg = Debug|Win32
		{9CCC3439-309E-4E85-B3B8-CE704D385D48}.Unicode Debug|Win32.ActiveCfg = Debug|Win32
		{9CCC3439-309E-4E85-B3B8-CE704D385D48}.Unicode Debug|Win32.Build.0 = Debug|Win32
		{9CCC3439-309E-4E85-B3B8-CE704D385D48}.Unicode Release|ARM.ActiveCfg = Release|Win32
		{9CCC3439-309E-4E85-B3B8-CE704D385D48}.Unicode Release|Win32.ActiveCfg = Release|Win32
		{9CCC3439-309E-4E85-B3B8-CE704D385D48}.Unicode Release|Win32.Build.0 = Release|Win32
	EndGlobalSection
	GlobalSection(SolutionProperties) = preSolution
		HideSolutionNode = FALSE
	EndGlobalSection
EndGlobal
