<?xml version="1.0" encoding="utf-8"?>
<Project ToolsVersion="4.0" xmlns="http://schemas.microsoft.com/developer/msbuild/2003">
  <ItemGroup>
    <Filter Include="Source Files">
      <UniqueIdentifier>{4e8c6663-aae6-41df-8eeb-67532aeffc59}</UniqueIdentifier>
      <Extensions>cpp;c;cxx;rc;def;r;odl;idl;hpj;bat</Extensions>
    </Filter>
    <Filter Include="Header Files">
      <UniqueIdentifier>{bbf7a541-9eee-488e-81fd-f22ba0a40981}</UniqueIdentifier>
      <Extensions>h;hpp;hxx;hm;inl</Extensions>
    </Filter>
    <Filter Include="Resource Files">
      <UniqueIdentifier>{e3fd8be9-469e-4343-a9d1-82fc8d057f4f}</UniqueIdentifier>
      <Extensions>ico;cur;bmp;dlg;rc2;rct;bin;cnt;rtf;gif;jpg;jpeg;jpe</Extensions>
    </Filter>
  </ItemGroup>
  <ItemGroup>
    <ClCompile Include="..\Mfc\Getshadw.cpp">
      <Filter>Source Files</Filter>
    </ClCompile>
    <ClCompile Include="REdit.cpp">
      <Filter>Source Files</Filter>
    </ClCompile>
    <ClCompile Include="REditCtl.cpp">
      <Filter>Source Files</Filter>
    </ClCompile>
    <ClCompile Include="REditPpg.cpp">
      <Filter>Source Files</Filter>
    </ClCompile>
  </ItemGroup>
  <ItemGroup>
    <None Include="REdit.def">
      <Filter>Source Files</Filter>
    </None>
  </ItemGroup>
  <ItemGroup>
    <Midl Include="REdit.odl">
      <Filter>Source Files</Filter>
    </Midl>
  </ItemGroup>
  <ItemGroup>
    <ResourceCompile Include="REdit.rc">
      <Filter>Source Files</Filter>
    </ResourceCompile>
  </ItemGroup>
  <ItemGroup>
    <ClInclude Include="REdit.h">
      <Filter>Header Files</Filter>
    </ClInclude>
    <ClInclude Include="REditCtl.h">
      <Filter>Header Files</Filter>
    </ClInclude>
    <ClInclude Include="REditPpg.h">
      <Filter>Header Files</Filter>
    </ClInclude>
    <ClInclude Include="Resource.h">
      <Filter>Header Files</Filter>
    </ClInclude>
  </ItemGroup>
  <ItemGroup>
    <Image Include="Escort2.bmp">
      <Filter>Resource Files</Filter>
    </Image>
    <Image Include="Icon1.ico">
      <Filter>Resource Files</Filter>
    </Image>
    <Image Include="REditCtl.bmp">
      <Filter>Resource Files</Filter>
    </Image>
  </ItemGroup>
  <ItemGroup>
    <Text Include="ReadMe.txt" />
  </ItemGroup>
  <ItemGroup>
    <CustomBuild Include="REdit.lic" />
  </ItemGroup>
</Project>