<?xml version="1.0" encoding="utf-8"?>
<Project ToolsVersion="4.0" xmlns="http://schemas.microsoft.com/developer/msbuild/2003">
  <ItemGroup>
    <Filter Include="Source Files">
      <UniqueIdentifier>{17425a15-3127-4307-93fa-d9eb04b2837d}</UniqueIdentifier>
      <Extensions>cpp;c;cxx;rc;def;r;odl;idl;hpj;bat</Extensions>
    </Filter>
    <Filter Include="Header Files">
      <UniqueIdentifier>{247232bb-d2c1-4fc4-95af-a3ee3fb55dc0}</UniqueIdentifier>
      <Extensions>h;hpp;hxx;hm;inl</Extensions>
    </Filter>
    <Filter Include="Resource Files">
      <UniqueIdentifier>{8ff40993-a7b7-4f40-81b8-133b5e4b6288}</UniqueIdentifier>
      <Extensions>ico;cur;bmp;dlg;rc2;rct;bin;cnt;rtf;gif;jpg;jpeg;jpe</Extensions>
    </Filter>
  </ItemGroup>
  <ItemGroup>
    <ClCompile Include="..\Mfc\Getshadw.cpp">
      <Filter>Source Files</Filter>
    </ClCompile>
    <ClCompile Include="LP2.cpp">
      <Filter>Source Files</Filter>
    </ClCompile>
    <ClCompile Include="picture.cpp">
      <Filter>Source Files</Filter>
    </ClCompile>
    <ClCompile Include="RListBox.cpp">
      <Filter>Source Files</Filter>
    </ClCompile>
    <ClCompile Include="rlistbxc.cpp">
      <Filter>Source Files</Filter>
    </ClCompile>
    <ClCompile Include="rlistbxp.cpp">
      <Filter>Source Files</Filter>
    </ClCompile>
    <ClCompile Include="rscrlbar.cpp">
      <Filter>Source Files</Filter>
    </ClCompile>
  </ItemGroup>
  <ItemGroup>
    <None Include="RListBox.def">
      <Filter>Source Files</Filter>
    </None>
  </ItemGroup>
  <ItemGroup>
    <Midl Include="RListBox.odl">
      <Filter>Source Files</Filter>
    </Midl>
  </ItemGroup>
  <ItemGroup>
    <ResourceCompile Include="RListBox.rc">
      <Filter>Source Files</Filter>
    </ResourceCompile>
  </ItemGroup>
  <ItemGroup>
    <ClInclude Include="DropTarget.h">
      <Filter>Header Files</Filter>
    </ClInclude>
    <ClInclude Include="Lp2.h">
      <Filter>Header Files</Filter>
    </ClInclude>
    <ClInclude Include="picture.h">
      <Filter>Header Files</Filter>
    </ClInclude>
    <ClInclude Include="Resource.h">
      <Filter>Header Files</Filter>
    </ClInclude>
    <ClInclude Include="RListBox.h">
      <Filter>Header Files</Filter>
    </ClInclude>
    <ClInclude Include="rlistbxc.h">
      <Filter>Header Files</Filter>
    </ClInclude>
    <ClInclude Include="rlistbxp.h">
      <Filter>Header Files</Filter>
    </ClInclude>
    <ClInclude Include="rscrlbar.h">
      <Filter>Header Files</Filter>
    </ClInclude>
    <ClInclude Include="StdAfx.h">
      <Filter>Header Files</Filter>
    </ClInclude>
  </ItemGroup>
  <ItemGroup>
    <Image Include="RListBoxCtl.bmp">
      <Filter>Resource Files</Filter>
    </Image>
    <Image Include="Rlistbxc.bmp">
      <Filter>Resource Files</Filter>
    </Image>
    <Image Include="Smap1_4.bmp">
      <Filter>Resource Files</Filter>
    </Image>
  </ItemGroup>
  <ItemGroup>
    <Text Include="ReadMe.txt" />
  </ItemGroup>
  <ItemGroup>
    <CustomBuild Include="RListBox.lic" />
  </ItemGroup>
</Project>