
Microsoft Visual Studio Solution File, Format Version 9.00
# Visual Studio 2005
Project("{8BC9CEB8-8B4A-11D0-8D11-00A0C91BC942}") = "RSpltBar", "RSpltBar.vcproj", "{7305B889-18F6-4A36-8DFF-43CAF305C758}"
EndProject
Global
	GlobalSection(SolutionConfigurationPlatforms) = preSolution
		Debug|Win32 = Debug|Win32
		Release|Win32 = Release|Win32
		Unicode Debug|Win32 = Unicode Debug|Win32
		Unicode Release|Win32 = Unicode Release|Win32
	EndGlobalSection
	GlobalSection(ProjectConfigurationPlatforms) = postSolution
		{7305B889-18F6-4A36-8DFF-43CAF305C758}.Debug|Win32.ActiveCfg = Debug|Win32
		{7305B889-18F6-4A36-8DFF-43CAF305C758}.Debug|Win32.Build.0 = Debug|Win32
		{7305B889-18F6-4A36-8DFF-43CAF305C758}.Release|Win32.ActiveCfg = Release|Win32
		{7305B889-18F6-4A36-8DFF-43CAF305C758}.Release|Win32.Build.0 = Release|Win32
		{7305B889-18F6-4A36-8DFF-43CAF305C758}.Unicode Debug|Win32.ActiveCfg = Unicode Debug|Win32
		{7305B889-18F6-4A36-8DFF-43CAF305C758}.Unicode Debug|Win32.Build.0 = Unicode Debug|Win32
		{7305B889-18F6-4A36-8DFF-43CAF305C758}.Unicode Release|Win32.ActiveCfg = Unicode Release|Win32
		{7305B889-18F6-4A36-8DFF-43CAF305C758}.Unicode Release|Win32.Build.0 = Unicode Release|Win32
	EndGlobalSection
	GlobalSection(SolutionProperties) = preSolution
		HideSolutionNode = FALSE
	EndGlobalSection
EndGlobal
