<?xml version="1.0" encoding="utf-8"?>
<Project ToolsVersion="4.0" xmlns="http://schemas.microsoft.com/developer/msbuild/2003">
  <ItemGroup>
    <Filter Include="Source Files">
      <UniqueIdentifier>{b739feda-5b89-465d-9ce5-86960f9a95da}</UniqueIdentifier>
      <Extensions>cpp;c;cxx;rc;def;r;odl;idl;hpj;bat</Extensions>
    </Filter>
    <Filter Include="Source Files\CPP">
      <UniqueIdentifier>{37df2afe-0ab6-45f2-b7d2-b9399e441234}</UniqueIdentifier>
    </Filter>
    <Filter Include="Header Files">
      <UniqueIdentifier>{e828d34f-89ec-445c-abfa-21209af8d05a}</UniqueIdentifier>
      <Extensions>h;hpp;hxx;hm;inl</Extensions>
    </Filter>
    <Filter Include="Resource Files">
      <UniqueIdentifier>{2ce08a7a-9487-46bb-ac34-30808d6cf558}</UniqueIdentifier>
      <Extensions>ico;cur;bmp;dlg;rc2;rct;bin;cnt;rtf;gif;jpg;jpeg;jpe</Extensions>
    </Filter>
  </ItemGroup>
  <ItemGroup>
    <ClCompile Include="..\Mfc\Getshadw.cpp">
      <Filter>Source Files</Filter>
    </ClCompile>
    <ClCompile Include="RSpltBar.cpp">
      <Filter>Source Files\CPP</Filter>
    </ClCompile>
    <ClCompile Include="rspltbC.CPP">
      <Filter>Source Files\CPP</Filter>
    </ClCompile>
    <ClCompile Include="rspltbP.CPP">
      <Filter>Source Files\CPP</Filter>
    </ClCompile>
  </ItemGroup>
  <ItemGroup>
    <None Include="RSpltBar.def">
      <Filter>Source Files</Filter>
    </None>
  </ItemGroup>
  <ItemGroup>
    <Midl Include="RSpltBar.odl">
      <Filter>Source Files</Filter>
    </Midl>
  </ItemGroup>
  <ItemGroup>
    <ClInclude Include="Resource.h">
      <Filter>Header Files</Filter>
    </ClInclude>
    <ClInclude Include="RSpltBar.h">
      <Filter>Header Files</Filter>
    </ClInclude>
    <ClInclude Include="rspltbC.H">
      <Filter>Header Files</Filter>
    </ClInclude>
    <ClInclude Include="rspltbP.H">
      <Filter>Header Files</Filter>
    </ClInclude>
  </ItemGroup>
  <ItemGroup>
    <ResourceCompile Include="RSpltBar.rc">
      <Filter>Resource Files</Filter>
    </ResourceCompile>
  </ItemGroup>
  <ItemGroup>
    <Image Include="Rspltbc.bmp">
      <Filter>Resource Files</Filter>
    </Image>
  </ItemGroup>
  <ItemGroup>
    <Text Include="ReadMe.txt" />
  </ItemGroup>
  <ItemGroup>
    <CustomBuild Include="RSpltBar.lic" />
  </ItemGroup>
</Project>