<?xml version="1.0" encoding="utf-8"?>
<Project ToolsVersion="4.0" xmlns="http://schemas.microsoft.com/developer/msbuild/2003">
  <ItemGroup>
    <Filter Include="Source Files">
      <UniqueIdentifier>{591846c3-d3e9-4a29-9448-070c2c5b5cc6}</UniqueIdentifier>
      <Extensions>cpp;c;cxx;rc;def;r;odl;idl;hpj;bat</Extensions>
    </Filter>
    <Filter Include="Header Files">
      <UniqueIdentifier>{75135a9f-c1f2-44dd-b8e7-7003b43a44ac}</UniqueIdentifier>
      <Extensions>h;hpp;hxx;hm;inl</Extensions>
    </Filter>
    <Filter Include="Resource Files">
      <UniqueIdentifier>{059f0980-6a47-449d-834a-28e305c5daaf}</UniqueIdentifier>
      <Extensions>ico;cur;bmp;dlg;rc2;rct;bin;cnt;rtf;gif;jpg;jpeg;jpe</Extensions>
    </Filter>
  </ItemGroup>
  <ItemGroup>
    <ClCompile Include="..\Mfc\Getshadw.cpp">
      <Filter>Source Files</Filter>
    </ClCompile>
    <ClCompile Include="RRadio.cpp">
      <Filter>Source Files</Filter>
    </ClCompile>
    <ClCompile Include="RRadioC.cpp">
      <Filter>Source Files</Filter>
    </ClCompile>
    <ClCompile Include="RRadioP.cpp">
      <Filter>Source Files</Filter>
    </ClCompile>
  </ItemGroup>
  <ItemGroup>
    <None Include="RRadio.def">
      <Filter>Source Files</Filter>
    </None>
  </ItemGroup>
  <ItemGroup>
    <Midl Include="RRadio.odl">
      <Filter>Source Files</Filter>
    </Midl>
  </ItemGroup>
  <ItemGroup>
    <ResourceCompile Include="RRadio.rc">
      <Filter>Source Files</Filter>
    </ResourceCompile>
  </ItemGroup>
  <ItemGroup>
    <ClInclude Include="Resource.h">
      <Filter>Header Files</Filter>
    </ClInclude>
    <ClInclude Include="RRadio.h">
      <Filter>Header Files</Filter>
    </ClInclude>
    <ClInclude Include="RRadioC.h">
      <Filter>Header Files</Filter>
    </ClInclude>
    <ClInclude Include="RRadioP.h">
      <Filter>Header Files</Filter>
    </ClInclude>
    <ClInclude Include="StdAfx.h">
      <Filter>Header Files</Filter>
    </ClInclude>
  </ItemGroup>
  <ItemGroup>
    <Image Include="buttondo.ico">
      <Filter>Resource Files</Filter>
    </Image>
    <Image Include="buttonup.ico">
      <Filter>Resource Files</Filter>
    </Image>
    <Image Include="Radio1.bmp">
      <Filter>Resource Files</Filter>
    </Image>
    <Image Include="Radio2.bmp">
      <Filter>Resource Files</Filter>
    </Image>
    <Image Include="RRadioC.bmp">
      <Filter>Resource Files</Filter>
    </Image>
  </ItemGroup>
  <ItemGroup>
    <Text Include="ReadMe.txt" />
  </ItemGroup>
  <ItemGroup>
    <CustomBuild Include="RRadio.lic" />
  </ItemGroup>
</Project>