
Microsoft Visual Studio Solution File, Format Version 9.00
# Visual Studio 2005
Project("{8BC9CEB8-8B4A-11D0-8D11-00A0C91BC942}") = "RTabs", "RTabs.vcproj", "{86567A17-FE24-4DA8-91B9-A676817939F0}"
EndProject
Global
	GlobalSection(SolutionConfigurationPlatforms) = preSolution
		Debug|Win32 = Debug|Win32
		Release|Win32 = Release|Win32
		Unicode Debug|Win32 = Unicode Debug|Win32
		Unicode Release|Win32 = Unicode Release|Win32
	EndGlobalSection
	GlobalSection(ProjectConfigurationPlatforms) = postSolution
		{86567A17-FE24-4DA8-91B9-A676817939F0}.Debug|Win32.ActiveCfg = Debug|Win32
		{86567A17-FE24-4DA8-91B9-A676817939F0}.Debug|Win32.Build.0 = Debug|Win32
		{86567A17-FE24-4DA8-91B9-A676817939F0}.Release|Win32.ActiveCfg = Release|Win32
		{86567A17-FE24-4DA8-91B9-A676817939F0}.Release|Win32.Build.0 = Release|Win32
		{86567A17-FE24-4DA8-91B9-A676817939F0}.Unicode Debug|Win32.ActiveCfg = Unicode Debug|Win32
		{86567A17-FE24-4DA8-91B9-A676817939F0}.Unicode Debug|Win32.Build.0 = Unicode Debug|Win32
		{86567A17-FE24-4DA8-91B9-A676817939F0}.Unicode Release|Win32.ActiveCfg = Unicode Release|Win32
		{86567A17-FE24-4DA8-91B9-A676817939F0}.Unicode Release|Win32.Build.0 = Unicode Release|Win32
	EndGlobalSection
	GlobalSection(SolutionProperties) = preSolution
		HideSolutionNode = FALSE
	EndGlobalSection
EndGlobal
