<?xml version="1.0" encoding="utf-8"?>
<Project ToolsVersion="4.0" xmlns="http://schemas.microsoft.com/developer/msbuild/2003">
  <ItemGroup>
    <Filter Include="Source Files">
      <UniqueIdentifier>{65e3c044-53d5-403a-bf64-9e24125f361a}</UniqueIdentifier>
      <Extensions>cpp;c;cxx;rc;def;r;odl;idl;hpj;bat</Extensions>
    </Filter>
    <Filter Include="Header Files">
      <UniqueIdentifier>{db8f4b44-28b5-4c9e-b5db-1aecf2459a2c}</UniqueIdentifier>
      <Extensions>h;hpp;hxx;hm;inl</Extensions>
    </Filter>
    <Filter Include="Resource Files">
      <UniqueIdentifier>{a10c0b76-68ad-4602-be91-df1e423a2c4d}</UniqueIdentifier>
      <Extensions>ico;cur;bmp;dlg;rc2;rct;bin;cnt;rtf;gif;jpg;jpeg;jpe</Extensions>
    </Filter>
  </ItemGroup>
  <ItemGroup>
    <ClCompile Include="..\Mfc\Getshadw.cpp">
      <Filter>Source Files</Filter>
    </ClCompile>
    <ClCompile Include="Rspinbtc.cpp">
      <Filter>Source Files</Filter>
    </ClCompile>
    <ClCompile Include="Rspinbtp.cpp">
      <Filter>Source Files</Filter>
    </ClCompile>
    <ClCompile Include="RSpinBut.cpp">
      <Filter>Source Files</Filter>
    </ClCompile>
  </ItemGroup>
  <ItemGroup>
    <None Include="RSpinBut.def">
      <Filter>Source Files</Filter>
    </None>
  </ItemGroup>
  <ItemGroup>
    <Midl Include="RSpinBut.odl">
      <Filter>Source Files</Filter>
    </Midl>
  </ItemGroup>
  <ItemGroup>
    <ResourceCompile Include="RSpinBut.rc">
      <Filter>Source Files</Filter>
    </ResourceCompile>
  </ItemGroup>
  <ItemGroup>
    <ClInclude Include="font.h">
      <Filter>Header Files</Filter>
    </ClInclude>
    <ClInclude Include="picture.h">
      <Filter>Header Files</Filter>
    </ClInclude>
    <ClInclude Include="Resource.h">
      <Filter>Header Files</Filter>
    </ClInclude>
    <ClInclude Include="rspinbtc.h">
      <Filter>Header Files</Filter>
    </ClInclude>
    <ClInclude Include="rspinbtp.h">
      <Filter>Header Files</Filter>
    </ClInclude>
    <ClInclude Include="RSpinBut.h">
      <Filter>Header Files</Filter>
    </ClInclude>
    <ClInclude Include="StdAfx.h">
      <Filter>Header Files</Filter>
    </ClInclude>
  </ItemGroup>
  <ItemGroup>
    <Image Include="down.bmp">
      <Filter>Resource Files</Filter>
    </Image>
    <Image Include="Rspinbtc.bmp">
      <Filter>Resource Files</Filter>
    </Image>
    <Image Include="RSpinButCtl.bmp">
      <Filter>Resource Files</Filter>
    </Image>
    <Image Include="up.bmp">
      <Filter>Resource Files</Filter>
    </Image>
  </ItemGroup>
  <ItemGroup>
    <Text Include="ReadMe.txt" />
  </ItemGroup>
  <ItemGroup>
    <CustomBuild Include="RSpinBut.lic" />
  </ItemGroup>
</Project>