
Microsoft Visual Studio Solution File, Format Version 9.00
# Visual Studio 2005
Project("{8BC9CEB8-8B4A-11D0-8D11-00A0C91BC942}") = "RCombo", "RCombo.vcproj", "{D143566B-555B-4D67-B1E7-8456B2A8E829}"
EndProject
Global
	GlobalSection(SolutionConfigurationPlatforms) = preSolution
		Debug|Win32 = Debug|Win32
		Release|Win32 = Release|Win32
		Unicode Debug|Win32 = Unicode Debug|Win32
		Unicode Release|Win32 = Unicode Release|Win32
	EndGlobalSection
	GlobalSection(ProjectConfigurationPlatforms) = postSolution
		{D143566B-555B-4D67-B1E7-8456B2A8E829}.Debug|Win32.ActiveCfg = Debug|Win32
		{D143566B-555B-4D67-B1E7-8456B2A8E829}.Debug|Win32.Build.0 = Debug|Win32
		{D143566B-555B-4D67-B1E7-8456B2A8E829}.Release|Win32.ActiveCfg = Release|Win32
		{D143566B-555B-4D67-B1E7-8456B2A8E829}.Release|Win32.Build.0 = Release|Win32
		{D143566B-555B-4D67-B1E7-8456B2A8E829}.Unicode Debug|Win32.ActiveCfg = Unicode Debug|Win32
		{D143566B-555B-4D67-B1E7-8456B2A8E829}.Unicode Debug|Win32.Build.0 = Unicode Debug|Win32
		{D143566B-555B-4D67-B1E7-8456B2A8E829}.Unicode Release|Win32.ActiveCfg = Unicode Release|Win32
		{D143566B-555B-4D67-B1E7-8456B2A8E829}.Unicode Release|Win32.Build.0 = Unicode Release|Win32
	EndGlobalSection
	GlobalSection(SolutionProperties) = preSolution
		HideSolutionNode = FALSE
	EndGlobalSection
EndGlobal
