<?xml version="1.0" encoding="utf-8"?>
<Project ToolsVersion="4.0" xmlns="http://schemas.microsoft.com/developer/msbuild/2003">
  <ItemGroup>
    <Filter Include="Source Files">
      <UniqueIdentifier>{c3f3bbd1-2aab-427b-a977-ac2ca6714334}</UniqueIdentifier>
      <Extensions>cpp;c;cxx;rc;def;r;odl;idl;hpj;bat</Extensions>
    </Filter>
    <Filter Include="Header Files">
      <UniqueIdentifier>{0c0f452a-4a36-490a-ac6c-8428c3996dbd}</UniqueIdentifier>
      <Extensions>h;hpp;hxx;hm;inl</Extensions>
    </Filter>
    <Filter Include="Resource Files">
      <UniqueIdentifier>{e746ae87-e994-4cd2-9a04-96ece52b9070}</UniqueIdentifier>
      <Extensions>ico;cur;bmp;dlg;rc2;rct;bin;cnt;rtf;gif;jpg;jpeg;jpe</Extensions>
    </Filter>
  </ItemGroup>
  <ItemGroup>
    <ClCompile Include="all.cpp">
      <Filter>Source Files</Filter>
    </ClCompile>
    <ClCompile Include="..\Mfc\Getshadw.cpp">
      <Filter>Source Files</Filter>
    </ClCompile>
    <ClCompile Include="ListBx.cpp">
      <Filter>Source Files</Filter>
    </ClCompile>
    <ClCompile Include="RCombo.cpp">
      <Filter>Source Files</Filter>
    </ClCompile>
    <ClCompile Include="RComboC.cpp">
      <Filter>Source Files</Filter>
    </ClCompile>
    <ClCompile Include="RComboP.cpp">
      <Filter>Source Files</Filter>
    </ClCompile>
    <ClCompile Include="rlistbox.cpp">
      <Filter>Source Files</Filter>
    </ClCompile>
  </ItemGroup>
  <ItemGroup>
    <None Include="RCombo.def">
      <Filter>Source Files</Filter>
    </None>
  </ItemGroup>
  <ItemGroup>
    <Midl Include="RCombo.odl">
      <Filter>Source Files</Filter>
    </Midl>
  </ItemGroup>
  <ItemGroup>
    <ResourceCompile Include="RCombo.rc">
      <Filter>Source Files</Filter>
    </ResourceCompile>
  </ItemGroup>
  <ItemGroup>
    <ClInclude Include="Afxauto.h">
      <Filter>Header Files</Filter>
    </ClInclude>
    <ClInclude Include="ListBx.h">
      <Filter>Header Files</Filter>
    </ClInclude>
    <ClInclude Include="RCombo.h">
      <Filter>Header Files</Filter>
    </ClInclude>
    <ClInclude Include="RComboC.h">
      <Filter>Header Files</Filter>
    </ClInclude>
    <ClInclude Include="RComboP.h">
      <Filter>Header Files</Filter>
    </ClInclude>
    <ClInclude Include="Resource.h">
      <Filter>Header Files</Filter>
    </ClInclude>
    <ClInclude Include="rlistbox.h">
      <Filter>Header Files</Filter>
    </ClInclude>
  </ItemGroup>
  <ItemGroup>
    <Image Include="Escort2.bmp">
      <Filter>Resource Files</Filter>
    </Image>
    <Image Include="icon1.ico">
      <Filter>Resource Files</Filter>
    </Image>
    <Image Include="rcombobu.bmp">
      <Filter>Resource Files</Filter>
    </Image>
    <Image Include="rcombobu.ico">
      <Filter>Resource Files</Filter>
    </Image>
    <Image Include="RComboC.bmp">
      <Filter>Resource Files</Filter>
    </Image>
  </ItemGroup>
  <ItemGroup>
    <Text Include="ReadMe.txt" />
  </ItemGroup>
  <ItemGroup>
    <CustomBuild Include="RCombo.lic" />
  </ItemGroup>
</Project>